// !$*UTF8*$!
{
	archiveVersion = 1;
	classes = {
	};
	objectVersion = 46;
	objects = {

/* Begin PBXBuildFile section */
		0D5932F515A219860079A946 /* UIKit.framework in Frameworks */ = {isa = PBXBuildFile; fileRef = 0D5932F415A219860079A946 /* UIKit.framework */; };
		0D5932F715A219860079A946 /* Foundation.framework in Frameworks */ = {isa = PBXBuildFile; fileRef = 0D5932F615A219860079A946 /* Foundation.framework */; };
		0D5932F915A219860079A946 /* CoreGraphics.framework in Frameworks */ = {isa = PBXBuildFile; fileRef = 0D5932F815A219860079A946 /* CoreGraphics.framework */; };
		0D5932FF15A219860079A946 /* InfoPlist.strings in Resources */ = {isa = PBXBuildFile; fileRef = 0D5932FD15A219860079A946 /* InfoPlist.strings */; };
		0D59330115A219860079A946 /* main.m in Sources */ = {isa = PBXBuildFile; fileRef = 0D59330015A219860079A946 /* main.m */; };
		0D59330515A219860079A946 /* BasicAppAppDelegate.m in Sources */ = {isa = PBXBuildFile; fileRef = 0D59330415A219860079A946 /* BasicAppAppDelegate.m */; };
		0D59330815A219860079A946 /* MainStoryboard.storyboard in Resources */ = {isa = PBXBuildFile; fileRef = 0D59330615A219860079A946 /* MainStoryboard.storyboard */; };
		0D59330B15A219860079A946 /* BasicAppViewController.m in Sources */ = {isa = PBXBuildFile; fileRef = 0D59330A15A219860079A946 /* BasicAppViewController.m */; };
		0D59331315A2241A0079A946 /* Page2ViewController.m in Sources */ = {isa = PBXBuildFile; fileRef = 0D59331215A2241A0079A946 /* Page2ViewController.m */; };
		0D59331515A257A90079A946 /* MobileCoreServices.framework in Frameworks */ = {isa = PBXBuildFile; fileRef = 0D59331415A257A90079A946 /* MobileCoreServices.framework */; };
		0D59331815A259AF0079A946 /* cameraViewController.m in Sources */ = {isa = PBXBuildFile; fileRef = 0D59331715A259AF0079A946 /* cameraViewController.m */; };
/* End PBXBuildFile section */

/* Begin PBXFileReference section */
		0D5932F015A219860079A946 /* BasicApp.app */ = {isa = PBXFileReference; explicitFileType = wrapper.application; includeInIndex = 0; path = BasicApp.app; sourceTree = BUILT_PRODUCTS_DIR; };
		0D5932F415A219860079A946 /* UIKit.framework */ = {isa = PBXFileReference; lastKnownFileType = wrapper.framework; name = UIKit.framework; path = System/Library/Frameworks/UIKit.framework; sourceTree = SDKROOT; };
		0D5932F615A219860079A946 /* Foundation.framework */ = {isa = PBXFileReference; lastKnownFileType = wrapper.framework; name = Foundation.framework; path = System/Library/Frameworks/Foundation.framework; sourceTree = SDKROOT; };
		0D5932F815A219860079A946 /* CoreGraphics.framework */ = {isa = PBXFileReference; lastKnownFileType = wrapper.framework; name = CoreGraphics.framework; path = System/Library/Frameworks/CoreGraphics.framework; sourceTree = SDKROOT; };
		0D5932FC15A219860079A946 /* BasicApp-Info.plist */ = {isa = PBXFileReference; lastKnownFileType = text.plist.xml; path = "BasicApp-Info.plist"; sourceTree = "<group>"; };
		0D5932FE15A219860079A946 /* en */ = {isa = PBXFileReference; lastKnownFileType = text.plist.strings; name = en; path = en.lproj/InfoPlist.strings; sourceTree = "<group>"; };
		0D59330015A219860079A946 /* main.m */ = {isa = PBXFileReference; lastKnownFileType = sourcecode.c.objc; path = main.m; sourceTree = "<group>"; };
		0D59330215A219860079A946 /* BasicApp-Prefix.pch */ = {isa = PBXFileReference; lastKnownFileType = sourcecode.c.h; path = "BasicApp-Prefix.pch"; sourceTree = "<group>"; };
		0D59330315A219860079A946 /* BasicAppAppDelegate.h */ = {isa = PBXFileReference; lastKnownFileType = sourcecode.c.h; path = BasicAppAppDelegate.h; sourceTree = "<group>"; };
		0D59330415A219860079A946 /* BasicAppAppDelegate.m */ = {isa = PBXFileReference; lastKnownFileType = sourcecode.c.objc; path = BasicAppAppDelegate.m; sourceTree = "<group>"; };
		0D59330715A219860079A946 /* en */ = {isa = PBXFileReference; lastKnownFileType = file.storyboard; name = en; path = en.lproj/MainStoryboard.storyboard; sourceTree = "<group>"; };
		0D59330915A219860079A946 /* BasicAppViewController.h */ = {isa = PBXFileReference; lastKnownFileType = sourcecode.c.h; path = BasicAppViewController.h; sourceTree = "<group>"; };
		0D59330A15A219860079A946 /* BasicAppViewController.m */ = {isa = PBXFileReference; lastKnownFileType = sourcecode.c.objc; path = BasicAppViewController.m; sourceTree = "<group>"; };
		0D59331115A2241A0079A946 /* Page2ViewController.h */ = {isa = PBXFileReference; fileEncoding = 4; lastKnownFileType = sourcecode.c.h; path = Page2ViewController.h; sourceTree = "<group>"; };
		0D59331215A2241A0079A946 /* Page2ViewController.m */ = {isa = PBXFileReference; fileEncoding = 4; lastKnownFileType = sourcecode.c.objc; path = Page2ViewController.m; sourceTree = "<group>"; };
		0D59331415A257A90079A946 /* MobileCoreServices.framework */ = {isa = PBXFileReference; lastKnownFileType = wrapper.framework; name = MobileCoreServices.framework; path = System/Library/Frameworks/MobileCoreServices.framework; sourceTree = SDKROOT; };
		0D59331615A259AF0079A946 /* cameraViewController.h */ = {isa = PBXFileReference; fileEncoding = 4; lastKnownFileType = sourcecode.c.h; path = cameraViewController.h; sourceTree = "<group>"; };
		0D59331715A259AF0079A946 /* cameraViewController.m */ = {isa = PBXFileReference; fileEncoding = 4; lastKnownFileType = sourcecode.c.objc; path = cameraViewController.m; sourceTree = "<group>"; };
/* End PBXFileReference section */

/* Begin PBXFrameworksBuildPhase section */
		0D5932ED15A219860079A946 /* Frameworks */ = {
			isa = PBXFrameworksBuildPhase;
			buildActionMask = 2147483647;
			files = (
				0D59331515A257A90079A946 /* MobileCoreServices.framework in Frameworks */,
				0D5932F515A219860079A946 /* UIKit.framework in Frameworks */,
				0D5932F715A219860079A946 /* Foundation.framework in Frameworks */,
				0D5932F915A219860079A946 /* CoreGraphics.framework in Frameworks */,
			);
			runOnlyForDeploymentPostprocessing = 0;
		};
/* End PBXFrameworksBuildPhase section */

/* Begin PBXGroup section */
		0D5932E515A219860079A946 = {
			isa = PBXGroup;
			children = (
				0D59331415A257A90079A946 /* MobileCoreServices.framework */,
				0D5932FA15A219860079A946 /* BasicApp */,
				0D5932F315A219860079A946 /* Frameworks */,
				0D5932F115A219860079A946 /* Products */,
			);
			sourceTree = "<group>";
		};
		0D5932F115A219860079A946 /* Products */ = {
			isa = PBXGroup;
			children = (
				0D5932F015A219860079A946 /* BasicApp.app */,
			);
			name = Products;
			sourceTree = "<group>";
		};
		0D5932F315A219860079A946 /* Frameworks */ = {
			isa = PBXGroup;
			children = (
				0D5932F415A219860079A946 /* UIKit.framework */,
				0D5932F615A219860079A946 /* Foundation.framework */,
				0D5932F815A219860079A946 /* CoreGraphics.framework */,
			);
			name = Frameworks;
			sourceTree = "<group>";
		};
		0D5932FA15A219860079A946 /* BasicApp */ = {
			isa = PBXGroup;
			children = (
				0D59330315A219860079A946 /* BasicAppAppDelegate.h */,
				0D59330415A219860079A946 /* BasicAppAppDelegate.m */,
				0D59330615A219860079A946 /* MainStoryboard.storyboard */,
				0D59331615A259AF0079A946 /* cameraViewController.h */,
				0D59331715A259AF0079A946 /* cameraViewController.m */,
				0D59331115A2241A0079A946 /* Page2ViewController.h */,
				0D59331215A2241A0079A946 /* Page2ViewController.m */,
				0D59330915A219860079A946 /* BasicAppViewController.h */,
				0D59330A15A219860079A946 /* BasicAppViewController.m */,
				0D5932FB15A219860079A946 /* Supporting Files */,
			);
			path = BasicApp;
			sourceTree = "<group>";
		};
		0D5932FB15A219860079A946 /* Supporting Files */ = {
			isa = PBXGroup;
			children = (
				0D5932FC15A219860079A946 /* BasicApp-Info.plist */,
				0D5932FD15A219860079A946 /* InfoPlist.strings */,
				0D59330015A219860079A946 /* main.m */,
				0D59330215A219860079A946 /* BasicApp-Prefix.pch */,
			);
			name = "Supporting Files";
			sourceTree = "<group>";
		};
/* End PBXGroup section */

/* Begin PBXNativeTarget section */
		0D5932EF15A219860079A946 /* BasicApp */ = {
			isa = PBXNativeTarget;
			buildConfigurationList = 0D59330E15A219860079A946 /* Build configuration list for PBXNativeTarget "BasicApp" */;
			buildPhases = (
				0D5932EC15A219860079A946 /* Sources */,
				0D5932ED15A219860079A946 /* Frameworks */,
				0D5932EE15A219860079A946 /* Resources */,
			);
			buildRules = (
			);
			dependencies = (
			);
			name = BasicApp;
			productName = BasicApp;
			productReference = 0D5932F015A219860079A946 /* BasicApp.app */;
			productType = "com.apple.product-type.application";
		};
/* End PBXNativeTarget section */

/* Begin PBXProject section */
		0D5932E715A219860079A946 /* Project object */ = {
			isa = PBXProject;
			attributes = {
				CLASSPREFIX = BasicApp;
				LastUpgradeCheck = 0430;
				ORGANIZATIONNAME = "Stanford University";
			};
			buildConfigurationList = 0D5932EA15A219860079A946 /* Build configuration list for PBXProject "BasicApp" */;
			compatibilityVersion = "Xcode 3.2";
			developmentRegion = English;
			hasScannedForEncodings = 0;
			knownRegions = (
				en,
			);
			mainGroup = 0D5932E515A219860079A946;
			productRefGroup = 0D5932F115A219860079A946 /* Products */;
			projectDirPath = "";
			projectRoot = "";
			targets = (
				0D5932EF15A219860079A946 /* BasicApp */,
			);
		};
/* End PBXProject section */

/* Begin PBXResourcesBuildPhase section */
		0D5932EE15A219860079A946 /* Resources */ = {
			isa = PBXResourcesBuildPhase;
			buildActionMask = 2147483647;
			files = (
				0D5932FF15A219860079A946 /* InfoPlist.strings in Resources */,
				0D59330815A219860079A946 /* MainStoryboard.storyboard in Resources */,
			);
			runOnlyForDeploymentPostprocessing = 0;
		};
/* End PBXResourcesBuildPhase section */

/* Begin PBXSourcesBuildPhase section */
		0D5932EC15A219860079A946 /* Sources */ = {
			isa = PBXSourcesBuildPhase;
			buildActionMask = 2147483647;
			files = (
				0D59330115A219860079A946 /* main.m in Sources */,
				0D59330515A219860079A946 /* BasicAppAppDelegate.m in Sources */,
				0D59330B15A219860079A946 /* BasicAppViewController.m in Sources */,
				0D59331315A2241A0079A946 /* Page2ViewController.m in Sources */,
				0D59331815A259AF0079A946 /* cameraViewController.m in Sources */,
			);
			runOnlyForDeploymentPostprocessing = 0;
		};
/* End PBXSourcesBuildPhase section */

/* Begin PBXVariantGroup section */
		0D5932FD15A219860079A946 /* InfoPlist.strings */ = {
			isa = PBXVariantGroup;
			children = (
				0D5932FE15A219860079A946 /* en */,
			);
			name = InfoPlist.strings;
			sourceTree = "<group>";
		};
		0D59330615A219860079A946 /* MainStoryboard.storyboard */ = {
			isa = PBXVariantGroup;
			children = (
				0D59330715A219860079A946 /* en */,
			);
			name = MainStoryboard.storyboard;
			sourceTree = "<group>";
		};
/* End PBXVariantGroup section */

/* Begin XCBuildConfiguration section */
		0D59330C15A219860079A946 /* Debug */ = {
			isa = XCBuildConfiguration;
			buildSettings = {
				ALWAYS_SEARCH_USER_PATHS = NO;
				ARCHS = "$(ARCHS_STANDARD_32_BIT)";
				CLANG_ENABLE_OBJC_ARC = YES;
				"CODE_SIGN_IDENTITY[sdk=iphoneos*]" = "iPhone Developer";
				COPY_PHASE_STRIP = NO;
				GCC_C_LANGUAGE_STANDARD = gnu99;
				GCC_DYNAMIC_NO_PIC = NO;
				GCC_OPTIMIZATION_LEVEL = 0;
				GCC_PREPROCESSOR_DEFINITIONS = (
					"DEBUG=1",
					"$(inherited)",
				);
				GCC_SYMBOLS_PRIVATE_EXTERN = NO;
				GCC_VERSION = com.apple.compilers.llvm.clang.1_0;
				GCC_WARN_ABOUT_RETURN_TYPE = YES;
				GCC_WARN_UNINITIALIZED_AUTOS = YES;
				GCC_WARN_UNUSED_VARIABLE = YES;
				IPHONEOS_DEPLOYMENT_TARGET = 5.1;
				SDKROOT = iphoneos;
			};
			name = Debug;
		};
		0D59330D15A219860079A946 /* Release */ = {
			isa = XCBuildConfiguration;
			buildSettings = {
				ALWAYS_SEARCH_USER_PATHS = NO;
				ARCHS = "$(ARCHS_STANDARD_32_BIT)";
				CLANG_ENABLE_OBJC_ARC = YES;
				"CODE_SIGN_IDENTITY[sdk=iphoneos*]" = "iPhone Developer";
				COPY_PHASE_STRIP = YES;
				GCC_C_LANGUAGE_STANDARD = gnu99;
				GCC_VERSION = com.apple.compilers.llvm.clang.1_0;
				GCC_WARN_ABOUT_RETURN_TYPE = YES;
				GCC_WARN_UNINITIALIZED_AUTOS = YES;
				GCC_WARN_UNUSED_VARIABLE = YES;
				IPHONEOS_DEPLOYMENT_TARGET = 5.1;
				OTHER_CFLAGS = "-DNS_BLOCK_ASSERTIONS=1";
				SDKROOT = iphoneos;
				VALIDATE_PRODUCT = YES;
			};
			name = Release;
		};
		0D59330F15A219860079A946 /* Debug */ = {
			isa = XCBuildConfiguration;
			buildSettings = {
				GCC_PRECOMPILE_PREFIX_HEADER = YES;
				GCC_PREFIX_HEADER = "BasicApp/BasicApp-Prefix.pch";
				INFOPLIST_FILE = "BasicApp/BasicApp-Info.plist";
				PRODUCT_NAME = "$(TARGET_NAME)";
				WRAPPER_EXTENSION = app;
			};
			name = Debug;
		};
		0D59331015A219860079A946 /* Release */ = {
			isa = XCBuildConfiguration;
			buildSettings = {
				GCC_PRECOMPILE_PREFIX_HEADER = YES;
				GCC_PREFIX_HEADER = "BasicApp/BasicApp-Prefix.pch";
				INFOPLIST_FILE = "BasicApp/BasicApp-Info.plist";
				PRODUCT_NAME = "$(TARGET_NAME)";
				WRAPPER_EXTENSION = app;
			};
			name = Release;
		};
/* End XCBuildConfiguration section */

/* Begin XCConfigurationList section */
		0D5932EA15A219860079A946 /* Build configuration list for PBXProject "BasicApp" */ = {
			isa = XCConfigurationList;
			buildConfigurations = (
				0D59330C15A219860079A946 /* Debug */,
				0D59330D15A219860079A946 /* Release */,
			);
			defaultConfigurationIsVisible = 0;
			defaultConfigurationName = Release;
		};
		0D59330E15A219860079A946 /* Build configuration list for PBXNativeTarget "BasicApp" */ = {
			isa = XCConfigurationList;
			buildConfigurations = (
				0D59330F15A219860079A946 /* Debug */,
				0D59331015A219860079A946 /* Release */,
			);
			defaultConfigurationIsVisible = 0;
		};
/* End XCConfigurationList section */
	};
	rootObject = 0D5932E715A219860079A946 /* Project object */;
}
