// !$*UTF8*$!
{
	archiveVersion = 1;
	classes = {
	};
	objectVersion = 46;
	objects = {

/* Begin PBXBuildFile section */
		0D03A99315D7353600A0A9BD /* HintView.m in Sources */ = {isa = PBXBuildFile; fileRef = 0D03A99215D7353600A0A9BD /* HintView.m */; };
		0D03A99A15D79A6100A0A9BD /* AppFormattedLabel.m in Sources */ = {isa = PBXBuildFile; fileRef = 0D03A99915D79A6100A0A9BD /* AppFormattedLabel.m */; };
		0D07B06A15D1A87600C20943 /* user3.png in Resources */ = {isa = PBXBuildFile; fileRef = 0D07B06915D1A87600C20943 /* user3.png */; };
		0D0C43B715E7627F0031DECC /* Profile-Button-hl.png in Resources */ = {isa = PBXBuildFile; fileRef = 0D0C43B215E7627F0031DECC /* Profile-Button-hl.png */; };
		0D0C43B815E7627F0031DECC /* Profile-Button-hl@2x.png in Resources */ = {isa = PBXBuildFile; fileRef = 0D0C43B315E7627F0031DECC /* Profile-Button-hl@2x.png */; };
		0D0C43B915E7627F0031DECC /* Profile-Button.png in Resources */ = {isa = PBXBuildFile; fileRef = 0D0C43B415E7627F0031DECC /* Profile-Button.png */; };
		0D0C43BA15E7627F0031DECC /* Profile-Button@2x.png in Resources */ = {isa = PBXBuildFile; fileRef = 0D0C43B515E7627F0031DECC /* Profile-Button@2x.png */; };
		0D0C43BB15E7627F0031DECC /* Profile.png in Resources */ = {isa = PBXBuildFile; fileRef = 0D0C43B615E7627F0031DECC /* Profile.png */; };
		0D0C43C715E76A260031DECC /* Accessories.png in Resources */ = {isa = PBXBuildFile; fileRef = 0D0C43BC15E76A260031DECC /* Accessories.png */; };
		0D0C43C815E76A260031DECC /* Accessories@2x.png in Resources */ = {isa = PBXBuildFile; fileRef = 0D0C43BD15E76A260031DECC /* Accessories@2x.png */; };
		0D0C43C915E76A260031DECC /* Apparel.png in Resources */ = {isa = PBXBuildFile; fileRef = 0D0C43BE15E76A260031DECC /* Apparel.png */; };
		0D0C43CA15E76A260031DECC /* Apparel@2x.png in Resources */ = {isa = PBXBuildFile; fileRef = 0D0C43BF15E76A260031DECC /* Apparel@2x.png */; };
		0D0C43CB15E76A260031DECC /* Automotive.png in Resources */ = {isa = PBXBuildFile; fileRef = 0D0C43C015E76A260031DECC /* Automotive.png */; };
		0D0C43CC15E76A260031DECC /* Automotive@2x.png in Resources */ = {isa = PBXBuildFile; fileRef = 0D0C43C115E76A260031DECC /* Automotive@2x.png */; };
		0D0C43CD15E76A260031DECC /* Electronics.png in Resources */ = {isa = PBXBuildFile; fileRef = 0D0C43C215E76A260031DECC /* Electronics.png */; };
		0D0C43CE15E76A260031DECC /* Electronics@2x.png in Resources */ = {isa = PBXBuildFile; fileRef = 0D0C43C315E76A260031DECC /* Electronics@2x.png */; };
		0D0C43CF15E76A260031DECC /* Food.png in Resources */ = {isa = PBXBuildFile; fileRef = 0D0C43C415E76A260031DECC /* Food.png */; };
		0D0C43D015E76A260031DECC /* Food@2x.png in Resources */ = {isa = PBXBuildFile; fileRef = 0D0C43C515E76A260031DECC /* Food@2x.png */; };
		0D0C43D115E76A260031DECC /* Others.png in Resources */ = {isa = PBXBuildFile; fileRef = 0D0C43C615E76A260031DECC /* Others.png */; };
		0D0C43D315E76A660031DECC /* Others@2x.png in Resources */ = {isa = PBXBuildFile; fileRef = 0D0C43D215E76A660031DECC /* Others@2x.png */; };
		0D471B9915C32D630070A32A /* AssetsLibrary.framework in Frameworks */ = {isa = PBXBuildFile; fileRef = 0D471B9815C32D630070A32A /* AssetsLibrary.framework */; };
		0D553A8715C27D5A00799F0A /* HJCircularBuffer.m in Sources */ = {isa = PBXBuildFile; fileRef = 0D553A7415C27D5900799F0A /* HJCircularBuffer.m */; settings = {COMPILER_FLAGS = "-fno-objc-arc"; }; };
		0D553A8815C27D5A00799F0A /* HJManagedImageV.m in Sources */ = {isa = PBXBuildFile; fileRef = 0D553A7615C27D5900799F0A /* HJManagedImageV.m */; settings = {COMPILER_FLAGS = "-fno-objc-arc"; }; };
		0D553A8915C27D5A00799F0A /* HJMOBigFileCache.m in Sources */ = {isa = PBXBuildFile; fileRef = 0D553A7915C27D5900799F0A /* HJMOBigFileCache.m */; settings = {COMPILER_FLAGS = "-fno-objc-arc"; }; };
		0D553A8A15C27D5A00799F0A /* HJMOFileCache.m in Sources */ = {isa = PBXBuildFile; fileRef = 0D553A7B15C27D5900799F0A /* HJMOFileCache.m */; settings = {COMPILER_FLAGS = "-fno-objc-arc"; }; };
		0D553A8B15C27D5A00799F0A /* HJMOHandler.m in Sources */ = {isa = PBXBuildFile; fileRef = 0D553A7D15C27D5900799F0A /* HJMOHandler.m */; settings = {COMPILER_FLAGS = "-fno-objc-arc"; }; };
		0D553A8C15C27D5A00799F0A /* HJMOPolicy.m in Sources */ = {isa = PBXBuildFile; fileRef = 0D553A7F15C27D5900799F0A /* HJMOPolicy.m */; settings = {COMPILER_FLAGS = "-fno-objc-arc"; }; };
		0D553A8D15C27D5A00799F0A /* HJMOUserBase.m in Sources */ = {isa = PBXBuildFile; fileRef = 0D553A8215C27D5900799F0A /* HJMOUserBase.m */; settings = {COMPILER_FLAGS = "-fno-objc-arc"; }; };
		0D553A8E15C27D5A00799F0A /* HJObjManager.m in Sources */ = {isa = PBXBuildFile; fileRef = 0D553A8415C27D5900799F0A /* HJObjManager.m */; settings = {COMPILER_FLAGS = "-fno-objc-arc"; }; };
		0D553A8F15C27D5A00799F0A /* HJWeakMutableArray.m in Sources */ = {isa = PBXBuildFile; fileRef = 0D553A8615C27D5900799F0A /* HJWeakMutableArray.m */; settings = {COMPILER_FLAGS = "-fno-objc-arc"; }; };
		0D8F49D315B605CF00C2DAEF /* PollResultViewController.m in Sources */ = {isa = PBXBuildFile; fileRef = 0D8F49D215B605CF00C2DAEF /* PollResultViewController.m */; };
		0D8F49D615B6065A00C2DAEF /* PollResultCell.m in Sources */ = {isa = PBXBuildFile; fileRef = 0D8F49D515B6065A00C2DAEF /* PollResultCell.m */; };
		0D8FA19915AF7606003011A0 /* PollItemCell.m in Sources */ = {isa = PBXBuildFile; fileRef = 0D8FA19615AF7606003011A0 /* PollItemCell.m */; };
		0D8FA19A15AF7606003011A0 /* PollTableViewController.m in Sources */ = {isa = PBXBuildFile; fileRef = 0D8FA19815AF7606003011A0 /* PollTableViewController.m */; };
		0D91EE5B15AD4BD300D1015D /* RegistrationPageViewController.m in Sources */ = {isa = PBXBuildFile; fileRef = 0D91EE5A15AD4BD300D1015D /* RegistrationPageViewController.m */; };
		0D94F4E915A7D09700903F0B /* UIKit.framework in Frameworks */ = {isa = PBXBuildFile; fileRef = 0D94F4E815A7D09700903F0B /* UIKit.framework */; };
		0D94F4EB15A7D09700903F0B /* Foundation.framework in Frameworks */ = {isa = PBXBuildFile; fileRef = 0D94F4EA15A7D09700903F0B /* Foundation.framework */; };
		0D94F4ED15A7D09700903F0B /* CoreGraphics.framework in Frameworks */ = {isa = PBXBuildFile; fileRef = 0D94F4EC15A7D09700903F0B /* CoreGraphics.framework */; };
		0D94F4F315A7D09700903F0B /* InfoPlist.strings in Resources */ = {isa = PBXBuildFile; fileRef = 0D94F4F115A7D09700903F0B /* InfoPlist.strings */; };
		0D94F4F515A7D09700903F0B /* main.m in Sources */ = {isa = PBXBuildFile; fileRef = 0D94F4F415A7D09700903F0B /* main.m */; };
		0D94F4F915A7D09700903F0B /* StylepicsAppDelegate.m in Sources */ = {isa = PBXBuildFile; fileRef = 0D94F4F815A7D09700903F0B /* StylepicsAppDelegate.m */; };
		0D94F4FC15A7D09700903F0B /* MainStoryboard.storyboard in Resources */ = {isa = PBXBuildFile; fileRef = 0D94F4FA15A7D09700903F0B /* MainStoryboard.storyboard */; };
		0D94F50E15A7D2BB00903F0B /* Item.m in Sources */ = {isa = PBXBuildFile; fileRef = 0D94F50915A7D2BB00903F0B /* Item.m */; };
		0D94F50F15A7D2BB00903F0B /* User.m in Sources */ = {isa = PBXBuildFile; fileRef = 0D94F50A15A7D2BB00903F0B /* User.m */; };
		0D94F51015A7D2BB00903F0B /* Poll.m in Sources */ = {isa = PBXBuildFile; fileRef = 0D94F50C15A7D2BB00903F0B /* Poll.m */; };
		0D94F51615A7D30800903F0B /* NewPollViewController.m in Sources */ = {isa = PBXBuildFile; fileRef = 0D94F51515A7D30800903F0B /* NewPollViewController.m */; };
		0D94F51B15A7EBAB00903F0B /* MobileCoreServices.framework in Frameworks */ = {isa = PBXBuildFile; fileRef = 0D94F51A15A7EBAB00903F0B /* MobileCoreServices.framework */; };
		0D94F51E15A7FCEB00903F0B /* NewsFeedTableViewController.m in Sources */ = {isa = PBXBuildFile; fileRef = 0D94F51D15A7FCEB00903F0B /* NewsFeedTableViewController.m */; };
		0D957D2215B0DC37009D37AA /* comments icon.png in Resources */ = {isa = PBXBuildFile; fileRef = 0D957D2115B0DC37009D37AA /* comments icon.png */; };
		0D957D2515B0E09C009D37AA /* ManagePollsTableViewController.m in Sources */ = {isa = PBXBuildFile; fileRef = 0D957D2415B0E09B009D37AA /* ManagePollsTableViewController.m */; };
		0D96665E15AB9DEB00753491 /* comment.m in Sources */ = {isa = PBXBuildFile; fileRef = 0D96665D15AB9DEA00753491 /* comment.m */; };
		0D98F3E215C0B2B20046423C /* libRestKit.a in Frameworks */ = {isa = PBXBuildFile; fileRef = 0D98F3D715C0B2070046423C /* libRestKit.a */; };
		0D98F3E415C0B2EE0046423C /* CFNetwork.framework in Frameworks */ = {isa = PBXBuildFile; fileRef = 0D98F3E315C0B2EE0046423C /* CFNetwork.framework */; };
		0D98F3E615C0B2FA0046423C /* CoreData.framework in Frameworks */ = {isa = PBXBuildFile; fileRef = 0D98F3E515C0B2FA0046423C /* CoreData.framework */; };
		0D98F3E815C0B30E0046423C /* Security.framework in Frameworks */ = {isa = PBXBuildFile; fileRef = 0D98F3E715C0B30E0046423C /* Security.framework */; };
		0D98F3EA15C0B3170046423C /* SystemConfiguration.framework in Frameworks */ = {isa = PBXBuildFile; fileRef = 0D98F3E915C0B3170046423C /* SystemConfiguration.framework */; };
		0D98F3EC15C0B3230046423C /* QuartzCore.framework in Frameworks */ = {isa = PBXBuildFile; fileRef = 0D98F3EB15C0B3230046423C /* QuartzCore.framework */; };
		0D98F3EE15C0B3380046423C /* libxml2.dylib in Frameworks */ = {isa = PBXBuildFile; fileRef = 0D98F3ED15C0B3380046423C /* libxml2.dylib */; };
		0D99436315AEB1590037194D /* Utility.m in Sources */ = {isa = PBXBuildFile; fileRef = 0D99436215AEB1590037194D /* Utility.m */; };
		0D99436515AEB9340037194D /* stylepics.db in Resources */ = {isa = PBXBuildFile; fileRef = 0D99436415AEB9340037194D /* stylepics.db */; };
		0D9A684215DD8427004A93DA /* BG.png in Resources */ = {isa = PBXBuildFile; fileRef = 0D9A683F15DD8426004A93DA /* BG.png */; };
		0D9B1C6115CB0E77003A34DD /* Audience.m in Sources */ = {isa = PBXBuildFile; fileRef = 0D9B1C6015CB0E77003A34DD /* Audience.m */; };
		0D9BA1CA15C603EC00599AA2 /* Environment.m in Sources */ = {isa = PBXBuildFile; fileRef = 0D9BA1C915C603EC00599AA2 /* Environment.m */; };
		0D9C0CA415DEC1A8005FA5C5 /* CenterButtonTabController.m in Sources */ = {isa = PBXBuildFile; fileRef = 0D9C0CA315DEC1A8005FA5C5 /* CenterButtonTabController.m */; };
		0D9DDAEE15D3100A008D27AB /* SettingsTableViewController.m in Sources */ = {isa = PBXBuildFile; fileRef = 0D9DDAED15D3100A008D27AB /* SettingsTableViewController.m */; };
		0D9EFC3615B3E502002180F1 /* SingleItemViewController.m in Sources */ = {isa = PBXBuildFile; fileRef = 0D9EFC3515B3E502002180F1 /* SingleItemViewController.m */; };
		0DA31AC615E30E0E00801403 /* AnimatedPickerView.m in Sources */ = {isa = PBXBuildFile; fileRef = 0DA31AC515E30E0D00801403 /* AnimatedPickerView.m */; };
		0DA3D96C15C8A771008B9E32 /* AppDataModel.xcdatamodeld in Sources */ = {isa = PBXBuildFile; fileRef = 0DA3D96A15C8A771008B9E32 /* AppDataModel.xcdatamodeld */; };
		0DA3EA8415DC1D8A00546961 /* SmallFormattedLabel.m in Sources */ = {isa = PBXBuildFile; fileRef = 0DA3EA8315DC1D8A00546961 /* SmallFormattedLabel.m */; };
		0DA4105115CA43C000859E59 /* Event.m in Sources */ = {isa = PBXBuildFile; fileRef = 0DA4105015CA43C000859E59 /* Event.m */; };
		0DA46A8215E59A7E008F67B1 /* Newpoll-hl.png in Resources */ = {isa = PBXBuildFile; fileRef = 0DA46A7A15E59A7E008F67B1 /* Newpoll-hl.png */; };
		0DA46A8315E59A7E008F67B1 /* Newpoll-hl@2x.png in Resources */ = {isa = PBXBuildFile; fileRef = 0DA46A7B15E59A7E008F67B1 /* Newpoll-hl@2x.png */; };
		0DA46A8415E59A7E008F67B1 /* Newpoll.png in Resources */ = {isa = PBXBuildFile; fileRef = 0DA46A7C15E59A7E008F67B1 /* Newpoll.png */; };
		0DA46A8515E59A7E008F67B1 /* Newpoll@2x.png in Resources */ = {isa = PBXBuildFile; fileRef = 0DA46A7D15E59A7E008F67B1 /* Newpoll@2x.png */; };
		0DA46A8615E59A7E008F67B1 /* Settings-hl.png in Resources */ = {isa = PBXBuildFile; fileRef = 0DA46A7E15E59A7E008F67B1 /* Settings-hl.png */; };
		0DA46A8715E59A7E008F67B1 /* Settings-hl@2x.png in Resources */ = {isa = PBXBuildFile; fileRef = 0DA46A7F15E59A7E008F67B1 /* Settings-hl@2x.png */; };
		0DA46A8815E59A7E008F67B1 /* Settings.png in Resources */ = {isa = PBXBuildFile; fileRef = 0DA46A8015E59A7E008F67B1 /* Settings.png */; };
		0DA46A8915E59A7E008F67B1 /* Settings@2x.png in Resources */ = {isa = PBXBuildFile; fileRef = 0DA46A8115E59A7E008F67B1 /* Settings@2x.png */; };
		0DA46A8E15E59FB2008F67B1 /* Votes.png in Resources */ = {isa = PBXBuildFile; fileRef = 0DA46A8C15E59FB2008F67B1 /* Votes.png */; };
		0DA46A8F15E59FB2008F67B1 /* Votes@2x.png in Resources */ = {isa = PBXBuildFile; fileRef = 0DA46A8D15E59FB2008F67B1 /* Votes@2x.png */; };
		0DA46A9515E5A267008F67B1 /* CheckBox.png in Resources */ = {isa = PBXBuildFile; fileRef = 0DA46A9115E5A267008F67B1 /* CheckBox.png */; };
		0DA46A9615E5A267008F67B1 /* CheckBox@2x.png in Resources */ = {isa = PBXBuildFile; fileRef = 0DA46A9215E5A267008F67B1 /* CheckBox@2x.png */; };
		0DA46A9715E5A267008F67B1 /* CheckInBox.png in Resources */ = {isa = PBXBuildFile; fileRef = 0DA46A9315E5A267008F67B1 /* CheckInBox.png */; };
		0DA46A9815E5A267008F67B1 /* CheckInBox@2x.png in Resources */ = {isa = PBXBuildFile; fileRef = 0DA46A9415E5A267008F67B1 /* CheckInBox@2x.png */; };
		0DA46A9B15E5A39C008F67B1 /* DeleteItem.png in Resources */ = {isa = PBXBuildFile; fileRef = 0DA46A9915E5A39C008F67B1 /* DeleteItem.png */; };
		0DA46A9C15E5A39C008F67B1 /* DeleteItem@2x.png in Resources */ = {isa = PBXBuildFile; fileRef = 0DA46A9A15E5A39C008F67B1 /* DeleteItem@2x.png */; };
		0DA46A9F15E5A5CD008F67B1 /* DeleteItem-hl.png in Resources */ = {isa = PBXBuildFile; fileRef = 0DA46A9D15E5A5CD008F67B1 /* DeleteItem-hl.png */; };
		0DA46AA015E5A5CD008F67B1 /* DeleteItem-hl@2x.png in Resources */ = {isa = PBXBuildFile; fileRef = 0DA46A9E15E5A5CD008F67B1 /* DeleteItem-hl@2x.png */; };
		0DA46AA515E5B115008F67B1 /* Back-hl.png in Resources */ = {isa = PBXBuildFile; fileRef = 0DA46AA115E5B115008F67B1 /* Back-hl.png */; };
		0DA46AA615E5B115008F67B1 /* Back-hl@2x.png in Resources */ = {isa = PBXBuildFile; fileRef = 0DA46AA215E5B115008F67B1 /* Back-hl@2x.png */; };
		0DA46AA715E5B115008F67B1 /* Back.png in Resources */ = {isa = PBXBuildFile; fileRef = 0DA46AA315E5B115008F67B1 /* Back.png */; };
		0DA46AA815E5B115008F67B1 /* Back@2x.png in Resources */ = {isa = PBXBuildFile; fileRef = 0DA46AA415E5B115008F67B1 /* Back@2x.png */; };
		0DA46AAB15E5BBD7008F67B1 /* AddItemHint.png in Resources */ = {isa = PBXBuildFile; fileRef = 0DA46AA915E5BBD7008F67B1 /* AddItemHint.png */; };
		0DA46AAC15E5BBD7008F67B1 /* AddItemHint@2x.png in Resources */ = {isa = PBXBuildFile; fileRef = 0DA46AAA15E5BBD7008F67B1 /* AddItemHint@2x.png */; };
		0DA46AB215E5BC86008F67B1 /* button-hl.png in Resources */ = {isa = PBXBuildFile; fileRef = 0DA46AAE15E5BC86008F67B1 /* button-hl.png */; };
		0DA46AB315E5BC86008F67B1 /* button-hl@2x.png in Resources */ = {isa = PBXBuildFile; fileRef = 0DA46AAF15E5BC86008F67B1 /* button-hl@2x.png */; };
		0DA46AB415E5BC86008F67B1 /* button.png in Resources */ = {isa = PBXBuildFile; fileRef = 0DA46AB015E5BC86008F67B1 /* button.png */; };
		0DA46AB515E5BC86008F67B1 /* button@2x.png in Resources */ = {isa = PBXBuildFile; fileRef = 0DA46AB115E5BC86008F67B1 /* button@2x.png */; };
		0DA46ABA15E5BF84008F67B1 /* Action-hl.png in Resources */ = {isa = PBXBuildFile; fileRef = 0DA46AB615E5BF84008F67B1 /* Action-hl.png */; };
		0DA46ABB15E5BF84008F67B1 /* Action-hl@2x.png in Resources */ = {isa = PBXBuildFile; fileRef = 0DA46AB715E5BF84008F67B1 /* Action-hl@2x.png */; };
		0DA46ABC15E5BF84008F67B1 /* Action.png in Resources */ = {isa = PBXBuildFile; fileRef = 0DA46AB815E5BF84008F67B1 /* Action.png */; };
		0DA46ABD15E5BF84008F67B1 /* Action@2x.png in Resources */ = {isa = PBXBuildFile; fileRef = 0DA46AB915E5BF84008F67B1 /* Action@2x.png */; };
		0DA46AC015E5D154008F67B1 /* LandingPage.png in Resources */ = {isa = PBXBuildFile; fileRef = 0DA46ABE15E5D154008F67B1 /* LandingPage.png */; };
		0DA46AC115E5D154008F67B1 /* LandingPage@2x.png in Resources */ = {isa = PBXBuildFile; fileRef = 0DA46ABF15E5D154008F67B1 /* LandingPage@2x.png */; };
		0DA46AC415E61418008F67B1 /* Default.png in Resources */ = {isa = PBXBuildFile; fileRef = 0DA46AC215E61418008F67B1 /* Default.png */; };
		0DA46AC515E61418008F67B1 /* Default@2x.png in Resources */ = {isa = PBXBuildFile; fileRef = 0DA46AC315E61418008F67B1 /* Default@2x.png */; };
		0DA46AC815E61788008F67B1 /* header_bg-logo.png in Resources */ = {isa = PBXBuildFile; fileRef = 0DA46AC615E61788008F67B1 /* header_bg-logo.png */; };
		0DA46AC915E61788008F67B1 /* header_bg-logo@2x.png in Resources */ = {isa = PBXBuildFile; fileRef = 0DA46AC715E61788008F67B1 /* header_bg-logo@2x.png */; };
		0DA46ACC15E621E7008F67B1 /* Logo.png in Resources */ = {isa = PBXBuildFile; fileRef = 0DA46ACA15E621E7008F67B1 /* Logo.png */; };
		0DA46ACD15E621E7008F67B1 /* Logo@2x.png in Resources */ = {isa = PBXBuildFile; fileRef = 0DA46ACB15E621E7008F67B1 /* Logo@2x.png */; };
		0DA5C3C915CDA9B90020D7A8 /* PollRecord.m in Sources */ = {isa = PBXBuildFile; fileRef = 0DA5C3C815CDA9B90020D7A8 /* PollRecord.m */; };
		0DA9860C15DB14E10088493A /* Icon.png in Resources */ = {isa = PBXBuildFile; fileRef = 0DA9860B15DB14E10088493A /* Icon.png */; };
		0DA9860E15DB14FB0088493A /* Icon@2x.png in Resources */ = {isa = PBXBuildFile; fileRef = 0DA9860D15DB14FB0088493A /* Icon@2x.png */; };
		0DB2A55015E6F46500FA1470 /* FeedsCell.m in Sources */ = {isa = PBXBuildFile; fileRef = 0DB2A54F15E6F46500FA1470 /* FeedsCell.m */; };
		0DB2A55315E705CD00FA1470 /* VotedPollCell.m in Sources */ = {isa = PBXBuildFile; fileRef = 0DB2A55215E705CC00FA1470 /* VotedPollCell.m */; };
		0DB2A55615E7075900FA1470 /* EditingPollCell.m in Sources */ = {isa = PBXBuildFile; fileRef = 0DB2A55515E7075800FA1470 /* EditingPollCell.m */; };
		0DB2A55915E7097B00FA1470 /* OpenedPollCell.m in Sources */ = {isa = PBXBuildFile; fileRef = 0DB2A55815E7097A00FA1470 /* OpenedPollCell.m */; };
		0DB2A55C15E70FF100FA1470 /* EndedPollCell.m in Sources */ = {isa = PBXBuildFile; fileRef = 0DB2A55B15E70FF000FA1470 /* EndedPollCell.m */; };
		0DC94A2815CF404200383472 /* AWSiOSSDK.framework in Frameworks */ = {isa = PBXBuildFile; fileRef = 0DC94A2715CF404200383472 /* AWSiOSSDK.framework */; };
		0DC94A2F15CF474B00383472 /* AmazonClientManager.m in Sources */ = {isa = PBXBuildFile; fileRef = 0DC94A2E15CF474B00383472 /* AmazonClientManager.m */; };
		0DE651D015B1E5C4002C8BA5 /* default_profile_photo.jpeg in Resources */ = {isa = PBXBuildFile; fileRef = 0DE651CF15B1E5C4002C8BA5 /* default_profile_photo.jpeg */; };
		0DF8D7AE15DE2D4A0010E475 /* AddNewItemController.m in Sources */ = {isa = PBXBuildFile; fileRef = 0DF8D7AD15DE2D4A0010E475 /* AddNewItemController.m */; };
		4D29327715E2A86A006888B0 /* feeds-icon-hl.png in Resources */ = {isa = PBXBuildFile; fileRef = 4D29327515E2A86A006888B0 /* feeds-icon-hl.png */; };
		4D29327815E2A86A006888B0 /* profile-icon-hl.png in Resources */ = {isa = PBXBuildFile; fileRef = 4D29327615E2A86A006888B0 /* profile-icon-hl.png */; };
		4D29327D15E2A9D3006888B0 /* feeds-icon-hl@2x.png in Resources */ = {isa = PBXBuildFile; fileRef = 4D29327915E2A9D3006888B0 /* feeds-icon-hl@2x.png */; };
		4D29327E15E2A9D3006888B0 /* feeds-icon@2x.png in Resources */ = {isa = PBXBuildFile; fileRef = 4D29327A15E2A9D3006888B0 /* feeds-icon@2x.png */; };
		4D29327F15E2A9D3006888B0 /* profile-icon-hl@2x.png in Resources */ = {isa = PBXBuildFile; fileRef = 4D29327B15E2A9D3006888B0 /* profile-icon-hl@2x.png */; };
		4D29328015E2A9D3006888B0 /* profile-icon@2x.png in Resources */ = {isa = PBXBuildFile; fileRef = 4D29327C15E2A9D3006888B0 /* profile-icon@2x.png */; };
		4D29328215E2B732006888B0 /* camera-icon.png in Resources */ = {isa = PBXBuildFile; fileRef = 4D29328115E2B732006888B0 /* camera-icon.png */; };
		4D29328615E2B8E3006888B0 /* camera-icon-hl.png in Resources */ = {isa = PBXBuildFile; fileRef = 4D29328315E2B8E3006888B0 /* camera-icon-hl.png */; };
		4D29328715E2B8E3006888B0 /* camera-icon-hl@2x.png in Resources */ = {isa = PBXBuildFile; fileRef = 4D29328415E2B8E3006888B0 /* camera-icon-hl@2x.png */; };
		4D29328815E2B8E3006888B0 /* camera-icon@2x.png in Resources */ = {isa = PBXBuildFile; fileRef = 4D29328515E2B8E3006888B0 /* camera-icon@2x.png */; };
		4D558AD315E4431D00CDBD3D /* tab_bar_bg.png in Resources */ = {isa = PBXBuildFile; fileRef = 4D558ACF15E4431D00CDBD3D /* tab_bar_bg.png */; };
		4D558AD415E4431D00CDBD3D /* tab_bar_bg@2x.png in Resources */ = {isa = PBXBuildFile; fileRef = 4D558AD015E4431D00CDBD3D /* tab_bar_bg@2x.png */; };
		4D558B0215E44D6E00CDBD3D /* MultipartLabel.m in Sources */ = {isa = PBXBuildFile; fileRef = 4D558B0115E44BA300CDBD3D /* MultipartLabel.m */; };
		4D558B2215E459D900CDBD3D /* header_bg.png in Resources */ = {isa = PBXBuildFile; fileRef = 4D558B2015E459D900CDBD3D /* header_bg.png */; };
		4D558B2315E459D900CDBD3D /* header_bg@2x.png in Resources */ = {isa = PBXBuildFile; fileRef = 4D558B2115E459D900CDBD3D /* header_bg@2x.png */; };
		4D983E7C15E05FEA00B4FD90 /* profile-icon.png in Resources */ = {isa = PBXBuildFile; fileRef = 4D983E7B15E05FEA00B4FD90 /* profile-icon.png */; };
		4D983E8615E067E900B4FD90 /* feeds-icon.png in Resources */ = {isa = PBXBuildFile; fileRef = 4D983E8415E067E800B4FD90 /* feeds-icon.png */; };
/* End PBXBuildFile section */

/* Begin PBXContainerItemProxy section */
		0D98F3D615C0B2070046423C /* PBXContainerItemProxy */ = {
			isa = PBXContainerItemProxy;
			containerPortal = 0D98F3CB15C0B2060046423C /* RestKit.xcodeproj */;
			proxyType = 2;
			remoteGlobalIDString = 25160D1614564E810060A5C5;
			remoteInfo = RestKit;
		};
		0D98F3D815C0B2070046423C /* PBXContainerItemProxy */ = {
			isa = PBXContainerItemProxy;
			containerPortal = 0D98F3CB15C0B2060046423C /* RestKit.xcodeproj */;
			proxyType = 2;
			remoteGlobalIDString = 25160D2614564E820060A5C5;
			remoteInfo = RestKitTests;
		};
		0D98F3DA15C0B2070046423C /* PBXContainerItemProxy */ = {
			isa = PBXContainerItemProxy;
			containerPortal = 0D98F3CB15C0B2060046423C /* RestKit.xcodeproj */;
			proxyType = 2;
			remoteGlobalIDString = 25160E62145651060060A5C5;
			remoteInfo = RestKitFramework;
		};
		0D98F3DC15C0B2070046423C /* PBXContainerItemProxy */ = {
			isa = PBXContainerItemProxy;
			containerPortal = 0D98F3CB15C0B2060046423C /* RestKit.xcodeproj */;
			proxyType = 2;
			remoteGlobalIDString = 25160E78145651060060A5C5;
			remoteInfo = RestKitFrameworkTests;
		};
		0D98F3DE15C0B2070046423C /* PBXContainerItemProxy */ = {
			isa = PBXContainerItemProxy;
			containerPortal = 0D98F3CB15C0B2060046423C /* RestKit.xcodeproj */;
			proxyType = 2;
			remoteGlobalIDString = 259C301615128079003066A2;
			remoteInfo = RestKitResources;
		};
		0D98F3E015C0B2270046423C /* PBXContainerItemProxy */ = {
			isa = PBXContainerItemProxy;
			containerPortal = 0D98F3CB15C0B2060046423C /* RestKit.xcodeproj */;
			proxyType = 1;
			remoteGlobalIDString = 25160D1514564E810060A5C5;
			remoteInfo = RestKit;
		};
/* End PBXContainerItemProxy section */

/* Begin PBXFileReference section */
		0D03A99115D7353600A0A9BD /* HintView.h */ = {isa = PBXFileReference; fileEncoding = 4; lastKnownFileType = sourcecode.c.h; path = HintView.h; sourceTree = "<group>"; };
		0D03A99215D7353600A0A9BD /* HintView.m */ = {isa = PBXFileReference; fileEncoding = 4; lastKnownFileType = sourcecode.c.objc; path = HintView.m; sourceTree = "<group>"; };
		0D03A99815D79A6100A0A9BD /* AppFormattedLabel.h */ = {isa = PBXFileReference; fileEncoding = 4; lastKnownFileType = sourcecode.c.h; path = AppFormattedLabel.h; sourceTree = "<group>"; };
		0D03A99915D79A6100A0A9BD /* AppFormattedLabel.m */ = {isa = PBXFileReference; fileEncoding = 4; lastKnownFileType = sourcecode.c.objc; path = AppFormattedLabel.m; sourceTree = "<group>"; };
		0D07B06915D1A87600C20943 /* user3.png */ = {isa = PBXFileReference; lastKnownFileType = image.png; name = user3.png; path = img/user3.png; sourceTree = "<group>"; };
		0D0C43B215E7627F0031DECC /* Profile-Button-hl.png */ = {isa = PBXFileReference; lastKnownFileType = image.png; path = "Profile-Button-hl.png"; sourceTree = "<group>"; };
		0D0C43B315E7627F0031DECC /* Profile-Button-hl@2x.png */ = {isa = PBXFileReference; lastKnownFileType = image.png; path = "Profile-Button-hl@2x.png"; sourceTree = "<group>"; };
		0D0C43B415E7627F0031DECC /* Profile-Button.png */ = {isa = PBXFileReference; lastKnownFileType = image.png; path = "Profile-Button.png"; sourceTree = "<group>"; };
		0D0C43B515E7627F0031DECC /* Profile-Button@2x.png */ = {isa = PBXFileReference; lastKnownFileType = image.png; path = "Profile-Button@2x.png"; sourceTree = "<group>"; };
		0D0C43B615E7627F0031DECC /* Profile.png */ = {isa = PBXFileReference; lastKnownFileType = image.png; path = Profile.png; sourceTree = "<group>"; };
		0D0C43BC15E76A260031DECC /* Accessories.png */ = {isa = PBXFileReference; lastKnownFileType = image.png; path = Accessories.png; sourceTree = "<group>"; };
		0D0C43BD15E76A260031DECC /* Accessories@2x.png */ = {isa = PBXFileReference; lastKnownFileType = image.png; path = "Accessories@2x.png"; sourceTree = "<group>"; };
		0D0C43BE15E76A260031DECC /* Apparel.png */ = {isa = PBXFileReference; lastKnownFileType = image.png; path = Apparel.png; sourceTree = "<group>"; };
		0D0C43BF15E76A260031DECC /* Apparel@2x.png */ = {isa = PBXFileReference; lastKnownFileType = image.png; path = "Apparel@2x.png"; sourceTree = "<group>"; };
		0D0C43C015E76A260031DECC /* Automotive.png */ = {isa = PBXFileReference; lastKnownFileType = image.png; path = Automotive.png; sourceTree = "<group>"; };
		0D0C43C115E76A260031DECC /* Automotive@2x.png */ = {isa = PBXFileReference; lastKnownFileType = image.png; path = "Automotive@2x.png"; sourceTree = "<group>"; };
		0D0C43C215E76A260031DECC /* Electronics.png */ = {isa = PBXFileReference; lastKnownFileType = image.png; path = Electronics.png; sourceTree = "<group>"; };
		0D0C43C315E76A260031DECC /* Electronics@2x.png */ = {isa = PBXFileReference; lastKnownFileType = image.png; path = "Electronics@2x.png"; sourceTree = "<group>"; };
		0D0C43C415E76A260031DECC /* Food.png */ = {isa = PBXFileReference; lastKnownFileType = image.png; path = Food.png; sourceTree = "<group>"; };
		0D0C43C515E76A260031DECC /* Food@2x.png */ = {isa = PBXFileReference; lastKnownFileType = image.png; path = "Food@2x.png"; sourceTree = "<group>"; };
		0D0C43C615E76A260031DECC /* Others.png */ = {isa = PBXFileReference; lastKnownFileType = image.png; path = Others.png; sourceTree = "<group>"; };
		0D0C43D215E76A660031DECC /* Others@2x.png */ = {isa = PBXFileReference; lastKnownFileType = image.png; path = "Others@2x.png"; sourceTree = "<group>"; };
		0D471B9815C32D630070A32A /* AssetsLibrary.framework */ = {isa = PBXFileReference; lastKnownFileType = wrapper.framework; name = AssetsLibrary.framework; path = System/Library/Frameworks/AssetsLibrary.framework; sourceTree = SDKROOT; };
		0D553A7315C27D5900799F0A /* HJCircularBuffer.h */ = {isa = PBXFileReference; fileEncoding = 4; lastKnownFileType = sourcecode.c.h; path = HJCircularBuffer.h; sourceTree = "<group>"; };
		0D553A7415C27D5900799F0A /* HJCircularBuffer.m */ = {isa = PBXFileReference; fileEncoding = 4; lastKnownFileType = sourcecode.c.objc; path = HJCircularBuffer.m; sourceTree = "<group>"; };
		0D553A7515C27D5900799F0A /* HJManagedImageV.h */ = {isa = PBXFileReference; fileEncoding = 4; lastKnownFileType = sourcecode.c.h; path = HJManagedImageV.h; sourceTree = "<group>"; };
		0D553A7615C27D5900799F0A /* HJManagedImageV.m */ = {isa = PBXFileReference; fileEncoding = 4; lastKnownFileType = sourcecode.c.objc; path = HJManagedImageV.m; sourceTree = "<group>"; };
		0D553A7715C27D5900799F0A /* HJManagedImageVDelegate.h */ = {isa = PBXFileReference; fileEncoding = 4; lastKnownFileType = sourcecode.c.h; path = HJManagedImageVDelegate.h; sourceTree = "<group>"; };
		0D553A7815C27D5900799F0A /* HJMOBigFileCache.h */ = {isa = PBXFileReference; fileEncoding = 4; lastKnownFileType = sourcecode.c.h; path = HJMOBigFileCache.h; sourceTree = "<group>"; };
		0D553A7915C27D5900799F0A /* HJMOBigFileCache.m */ = {isa = PBXFileReference; fileEncoding = 4; lastKnownFileType = sourcecode.c.objc; path = HJMOBigFileCache.m; sourceTree = "<group>"; };
		0D553A7A15C27D5900799F0A /* HJMOFileCache.h */ = {isa = PBXFileReference; fileEncoding = 4; lastKnownFileType = sourcecode.c.h; path = HJMOFileCache.h; sourceTree = "<group>"; };
		0D553A7B15C27D5900799F0A /* HJMOFileCache.m */ = {isa = PBXFileReference; fileEncoding = 4; lastKnownFileType = sourcecode.c.objc; path = HJMOFileCache.m; sourceTree = "<group>"; };
		0D553A7C15C27D5900799F0A /* HJMOHandler.h */ = {isa = PBXFileReference; fileEncoding = 4; lastKnownFileType = sourcecode.c.h; path = HJMOHandler.h; sourceTree = "<group>"; };
		0D553A7D15C27D5900799F0A /* HJMOHandler.m */ = {isa = PBXFileReference; fileEncoding = 4; lastKnownFileType = sourcecode.c.objc; path = HJMOHandler.m; sourceTree = "<group>"; };
		0D553A7E15C27D5900799F0A /* HJMOPolicy.h */ = {isa = PBXFileReference; fileEncoding = 4; lastKnownFileType = sourcecode.c.h; path = HJMOPolicy.h; sourceTree = "<group>"; };
		0D553A7F15C27D5900799F0A /* HJMOPolicy.m */ = {isa = PBXFileReference; fileEncoding = 4; lastKnownFileType = sourcecode.c.objc; path = HJMOPolicy.m; sourceTree = "<group>"; };
		0D553A8015C27D5900799F0A /* HJMOUser.h */ = {isa = PBXFileReference; fileEncoding = 4; lastKnownFileType = sourcecode.c.h; path = HJMOUser.h; sourceTree = "<group>"; };
		0D553A8115C27D5900799F0A /* HJMOUserBase.h */ = {isa = PBXFileReference; fileEncoding = 4; lastKnownFileType = sourcecode.c.h; path = HJMOUserBase.h; sourceTree = "<group>"; };
		0D553A8215C27D5900799F0A /* HJMOUserBase.m */ = {isa = PBXFileReference; fileEncoding = 4; lastKnownFileType = sourcecode.c.objc; path = HJMOUserBase.m; sourceTree = "<group>"; };
		0D553A8315C27D5900799F0A /* HJObjManager.h */ = {isa = PBXFileReference; fileEncoding = 4; lastKnownFileType = sourcecode.c.h; path = HJObjManager.h; sourceTree = "<group>"; };
		0D553A8415C27D5900799F0A /* HJObjManager.m */ = {isa = PBXFileReference; fileEncoding = 4; lastKnownFileType = sourcecode.c.objc; path = HJObjManager.m; sourceTree = "<group>"; };
		0D553A8515C27D5900799F0A /* HJWeakMutableArray.h */ = {isa = PBXFileReference; fileEncoding = 4; lastKnownFileType = sourcecode.c.h; path = HJWeakMutableArray.h; sourceTree = "<group>"; };
		0D553A8615C27D5900799F0A /* HJWeakMutableArray.m */ = {isa = PBXFileReference; fileEncoding = 4; lastKnownFileType = sourcecode.c.objc; path = HJWeakMutableArray.m; sourceTree = "<group>"; };
		0D8F49D115B605CF00C2DAEF /* PollResultViewController.h */ = {isa = PBXFileReference; fileEncoding = 4; lastKnownFileType = sourcecode.c.h; path = PollResultViewController.h; sourceTree = "<group>"; };
		0D8F49D215B605CF00C2DAEF /* PollResultViewController.m */ = {isa = PBXFileReference; fileEncoding = 4; lastKnownFileType = sourcecode.c.objc; path = PollResultViewController.m; sourceTree = "<group>"; };
		0D8F49D415B6065A00C2DAEF /* PollResultCell.h */ = {isa = PBXFileReference; fileEncoding = 4; lastKnownFileType = sourcecode.c.h; path = PollResultCell.h; sourceTree = "<group>"; };
		0D8F49D515B6065A00C2DAEF /* PollResultCell.m */ = {isa = PBXFileReference; fileEncoding = 4; lastKnownFileType = sourcecode.c.objc; path = PollResultCell.m; sourceTree = "<group>"; };
		0D8FA19515AF7606003011A0 /* PollItemCell.h */ = {isa = PBXFileReference; fileEncoding = 4; lastKnownFileType = sourcecode.c.h; name = PollItemCell.h; path = "Poll Page/PollItemCell.h"; sourceTree = "<group>"; };
		0D8FA19615AF7606003011A0 /* PollItemCell.m */ = {isa = PBXFileReference; fileEncoding = 4; lastKnownFileType = sourcecode.c.objc; name = PollItemCell.m; path = "Poll Page/PollItemCell.m"; sourceTree = "<group>"; };
		0D8FA19715AF7606003011A0 /* PollTableViewController.h */ = {isa = PBXFileReference; fileEncoding = 4; lastKnownFileType = sourcecode.c.h; name = PollTableViewController.h; path = "Poll Page/PollTableViewController.h"; sourceTree = "<group>"; };
		0D8FA19815AF7606003011A0 /* PollTableViewController.m */ = {isa = PBXFileReference; fileEncoding = 4; lastKnownFileType = sourcecode.c.objc; name = PollTableViewController.m; path = "Poll Page/PollTableViewController.m"; sourceTree = "<group>"; };
		0D91EE5915AD4BD300D1015D /* RegistrationPageViewController.h */ = {isa = PBXFileReference; fileEncoding = 4; lastKnownFileType = sourcecode.c.h; path = RegistrationPageViewController.h; sourceTree = "<group>"; };
		0D91EE5A15AD4BD300D1015D /* RegistrationPageViewController.m */ = {isa = PBXFileReference; fileEncoding = 4; lastKnownFileType = sourcecode.c.objc; path = RegistrationPageViewController.m; sourceTree = "<group>"; };
		0D94F4E415A7D09700903F0B /* ShopVote.app */ = {isa = PBXFileReference; explicitFileType = wrapper.application; includeInIndex = 0; path = ShopVote.app; sourceTree = BUILT_PRODUCTS_DIR; };
		0D94F4E815A7D09700903F0B /* UIKit.framework */ = {isa = PBXFileReference; lastKnownFileType = wrapper.framework; name = UIKit.framework; path = System/Library/Frameworks/UIKit.framework; sourceTree = SDKROOT; };
		0D94F4EA15A7D09700903F0B /* Foundation.framework */ = {isa = PBXFileReference; lastKnownFileType = wrapper.framework; name = Foundation.framework; path = System/Library/Frameworks/Foundation.framework; sourceTree = SDKROOT; };
		0D94F4EC15A7D09700903F0B /* CoreGraphics.framework */ = {isa = PBXFileReference; lastKnownFileType = wrapper.framework; name = CoreGraphics.framework; path = System/Library/Frameworks/CoreGraphics.framework; sourceTree = SDKROOT; };
		0D94F4F015A7D09700903F0B /* StylepicsApp-Info.plist */ = {isa = PBXFileReference; lastKnownFileType = text.plist.xml; path = "StylepicsApp-Info.plist"; sourceTree = "<group>"; };
		0D94F4F215A7D09700903F0B /* en */ = {isa = PBXFileReference; lastKnownFileType = text.plist.strings; name = en; path = en.lproj/InfoPlist.strings; sourceTree = "<group>"; };
		0D94F4F415A7D09700903F0B /* main.m */ = {isa = PBXFileReference; lastKnownFileType = sourcecode.c.objc; path = main.m; sourceTree = "<group>"; };
		0D94F4F615A7D09700903F0B /* StylepicsApp-Prefix.pch */ = {isa = PBXFileReference; lastKnownFileType = sourcecode.c.h; path = "StylepicsApp-Prefix.pch"; sourceTree = "<group>"; };
		0D94F4F715A7D09700903F0B /* StylepicsAppDelegate.h */ = {isa = PBXFileReference; lastKnownFileType = sourcecode.c.h; path = StylepicsAppDelegate.h; sourceTree = "<group>"; };
		0D94F4F815A7D09700903F0B /* StylepicsAppDelegate.m */ = {isa = PBXFileReference; lastKnownFileType = sourcecode.c.objc; path = StylepicsAppDelegate.m; sourceTree = "<group>"; };
		0D94F4FB15A7D09700903F0B /* en */ = {isa = PBXFileReference; lastKnownFileType = file.storyboard; name = en; path = en.lproj/MainStoryboard.storyboard; sourceTree = "<group>"; };
		0D94F50715A7D2BB00903F0B /* User.h */ = {isa = PBXFileReference; fileEncoding = 4; lastKnownFileType = sourcecode.c.h; path = User.h; sourceTree = "<group>"; };
		0D94F50815A7D2BB00903F0B /* Item.h */ = {isa = PBXFileReference; fileEncoding = 4; lastKnownFileType = sourcecode.c.h; path = Item.h; sourceTree = "<group>"; };
		0D94F50915A7D2BB00903F0B /* Item.m */ = {isa = PBXFileReference; fileEncoding = 4; lastKnownFileType = sourcecode.c.objc; path = Item.m; sourceTree = "<group>"; };
		0D94F50A15A7D2BB00903F0B /* User.m */ = {isa = PBXFileReference; fileEncoding = 4; lastKnownFileType = sourcecode.c.objc; path = User.m; sourceTree = "<group>"; };
		0D94F50B15A7D2BB00903F0B /* Poll.h */ = {isa = PBXFileReference; fileEncoding = 4; lastKnownFileType = sourcecode.c.h; path = Poll.h; sourceTree = "<group>"; };
		0D94F50C15A7D2BB00903F0B /* Poll.m */ = {isa = PBXFileReference; fileEncoding = 4; lastKnownFileType = sourcecode.c.objc; path = Poll.m; sourceTree = "<group>"; };
		0D94F51415A7D30700903F0B /* NewPollViewController.h */ = {isa = PBXFileReference; fileEncoding = 4; lastKnownFileType = sourcecode.c.h; path = NewPollViewController.h; sourceTree = "<group>"; };
		0D94F51515A7D30800903F0B /* NewPollViewController.m */ = {isa = PBXFileReference; fileEncoding = 4; lastKnownFileType = sourcecode.c.objc; path = NewPollViewController.m; sourceTree = "<group>"; };
		0D94F51A15A7EBAB00903F0B /* MobileCoreServices.framework */ = {isa = PBXFileReference; lastKnownFileType = wrapper.framework; name = MobileCoreServices.framework; path = System/Library/Frameworks/MobileCoreServices.framework; sourceTree = SDKROOT; };
		0D94F51C15A7FCEA00903F0B /* NewsFeedTableViewController.h */ = {isa = PBXFileReference; fileEncoding = 4; lastKnownFileType = sourcecode.c.h; path = NewsFeedTableViewController.h; sourceTree = "<group>"; };
		0D94F51D15A7FCEB00903F0B /* NewsFeedTableViewController.m */ = {isa = PBXFileReference; fileEncoding = 4; lastKnownFileType = sourcecode.c.objc; path = NewsFeedTableViewController.m; sourceTree = "<group>"; xcLanguageSpecificationIdentifier = xcode.lang.objc; };
		0D957D2115B0DC37009D37AA /* comments icon.png */ = {isa = PBXFileReference; lastKnownFileType = image.png; name = "comments icon.png"; path = "img/comments icon.png"; sourceTree = "<group>"; };
		0D957D2315B0E09B009D37AA /* ManagePollsTableViewController.h */ = {isa = PBXFileReference; fileEncoding = 4; lastKnownFileType = sourcecode.c.h; path = ManagePollsTableViewController.h; sourceTree = "<group>"; };
		0D957D2415B0E09B009D37AA /* ManagePollsTableViewController.m */ = {isa = PBXFileReference; fileEncoding = 4; lastKnownFileType = sourcecode.c.objc; path = ManagePollsTableViewController.m; sourceTree = "<group>"; };
		0D96665C15AB9DEA00753491 /* comment.h */ = {isa = PBXFileReference; fileEncoding = 4; lastKnownFileType = sourcecode.c.h; path = comment.h; sourceTree = "<group>"; };
		0D96665D15AB9DEA00753491 /* comment.m */ = {isa = PBXFileReference; fileEncoding = 4; lastKnownFileType = sourcecode.c.objc; path = comment.m; sourceTree = "<group>"; };
		0D98F3CB15C0B2060046423C /* RestKit.xcodeproj */ = {isa = PBXFileReference; lastKnownFileType = "wrapper.pb-project"; name = RestKit.xcodeproj; path = "RestKit-RestKit-6540552/RestKit.xcodeproj"; sourceTree = "<group>"; };
		0D98F3E315C0B2EE0046423C /* CFNetwork.framework */ = {isa = PBXFileReference; lastKnownFileType = wrapper.framework; name = CFNetwork.framework; path = System/Library/Frameworks/CFNetwork.framework; sourceTree = SDKROOT; };
		0D98F3E515C0B2FA0046423C /* CoreData.framework */ = {isa = PBXFileReference; lastKnownFileType = wrapper.framework; name = CoreData.framework; path = System/Library/Frameworks/CoreData.framework; sourceTree = SDKROOT; };
		0D98F3E715C0B30E0046423C /* Security.framework */ = {isa = PBXFileReference; lastKnownFileType = wrapper.framework; name = Security.framework; path = System/Library/Frameworks/Security.framework; sourceTree = SDKROOT; };
		0D98F3E915C0B3170046423C /* SystemConfiguration.framework */ = {isa = PBXFileReference; lastKnownFileType = wrapper.framework; name = SystemConfiguration.framework; path = System/Library/Frameworks/SystemConfiguration.framework; sourceTree = SDKROOT; };
		0D98F3EB15C0B3230046423C /* QuartzCore.framework */ = {isa = PBXFileReference; lastKnownFileType = wrapper.framework; name = QuartzCore.framework; path = System/Library/Frameworks/QuartzCore.framework; sourceTree = SDKROOT; };
		0D98F3ED15C0B3380046423C /* libxml2.dylib */ = {isa = PBXFileReference; lastKnownFileType = "compiled.mach-o.dylib"; name = libxml2.dylib; path = usr/lib/libxml2.dylib; sourceTree = SDKROOT; };
		0D99436115AEB1590037194D /* Utility.h */ = {isa = PBXFileReference; fileEncoding = 4; lastKnownFileType = sourcecode.c.h; path = Utility.h; sourceTree = "<group>"; };
		0D99436215AEB1590037194D /* Utility.m */ = {isa = PBXFileReference; fileEncoding = 4; lastKnownFileType = sourcecode.c.objc; path = Utility.m; sourceTree = "<group>"; };
		0D99436415AEB9340037194D /* stylepics.db */ = {isa = PBXFileReference; lastKnownFileType = file; path = stylepics.db; sourceTree = "<group>"; };
		0D9A683F15DD8426004A93DA /* BG.png */ = {isa = PBXFileReference; lastKnownFileType = image.png; path = BG.png; sourceTree = "<group>"; };
		0D9B1C5F15CB0E77003A34DD /* Audience.h */ = {isa = PBXFileReference; fileEncoding = 4; lastKnownFileType = sourcecode.c.h; path = Audience.h; sourceTree = "<group>"; };
		0D9B1C6015CB0E77003A34DD /* Audience.m */ = {isa = PBXFileReference; fileEncoding = 4; lastKnownFileType = sourcecode.c.objc; path = Audience.m; sourceTree = "<group>"; };
		0D9BA1C815C603EC00599AA2 /* Environment.h */ = {isa = PBXFileReference; fileEncoding = 4; lastKnownFileType = sourcecode.c.h; path = Environment.h; sourceTree = "<group>"; };
		0D9BA1C915C603EC00599AA2 /* Environment.m */ = {isa = PBXFileReference; fileEncoding = 4; lastKnownFileType = sourcecode.c.objc; path = Environment.m; sourceTree = "<group>"; };
		0D9C0CA215DEC1A8005FA5C5 /* CenterButtonTabController.h */ = {isa = PBXFileReference; fileEncoding = 4; lastKnownFileType = sourcecode.c.h; path = CenterButtonTabController.h; sourceTree = "<group>"; };
		0D9C0CA315DEC1A8005FA5C5 /* CenterButtonTabController.m */ = {isa = PBXFileReference; fileEncoding = 4; lastKnownFileType = sourcecode.c.objc; path = CenterButtonTabController.m; sourceTree = "<group>"; };
		0D9DDAEC15D3100A008D27AB /* SettingsTableViewController.h */ = {isa = PBXFileReference; fileEncoding = 4; lastKnownFileType = sourcecode.c.h; path = SettingsTableViewController.h; sourceTree = "<group>"; };
		0D9DDAED15D3100A008D27AB /* SettingsTableViewController.m */ = {isa = PBXFileReference; fileEncoding = 4; lastKnownFileType = sourcecode.c.objc; path = SettingsTableViewController.m; sourceTree = "<group>"; };
		0D9EFC3415B3E502002180F1 /* SingleItemViewController.h */ = {isa = PBXFileReference; fileEncoding = 4; lastKnownFileType = sourcecode.c.h; path = SingleItemViewController.h; sourceTree = "<group>"; };
		0D9EFC3515B3E502002180F1 /* SingleItemViewController.m */ = {isa = PBXFileReference; fileEncoding = 4; lastKnownFileType = sourcecode.c.objc; path = SingleItemViewController.m; sourceTree = "<group>"; };
		0DA31AC415E30E0D00801403 /* AnimatedPickerView.h */ = {isa = PBXFileReference; fileEncoding = 4; lastKnownFileType = sourcecode.c.h; path = AnimatedPickerView.h; sourceTree = "<group>"; };
		0DA31AC515E30E0D00801403 /* AnimatedPickerView.m */ = {isa = PBXFileReference; fileEncoding = 4; lastKnownFileType = sourcecode.c.objc; path = AnimatedPickerView.m; sourceTree = "<group>"; };
		0DA3D96B15C8A771008B9E32 /* AppDataModel.xcdatamodel */ = {isa = PBXFileReference; lastKnownFileType = wrapper.xcdatamodel; path = AppDataModel.xcdatamodel; sourceTree = "<group>"; };
		0DA3EA8215DC1D8A00546961 /* SmallFormattedLabel.h */ = {isa = PBXFileReference; fileEncoding = 4; lastKnownFileType = sourcecode.c.h; path = SmallFormattedLabel.h; sourceTree = "<group>"; };
		0DA3EA8315DC1D8A00546961 /* SmallFormattedLabel.m */ = {isa = PBXFileReference; fileEncoding = 4; lastKnownFileType = sourcecode.c.objc; path = SmallFormattedLabel.m; sourceTree = "<group>"; };
		0DA4104F15CA43C000859E59 /* Event.h */ = {isa = PBXFileReference; fileEncoding = 4; lastKnownFileType = sourcecode.c.h; path = Event.h; sourceTree = "<group>"; };
		0DA4105015CA43C000859E59 /* Event.m */ = {isa = PBXFileReference; fileEncoding = 4; lastKnownFileType = sourcecode.c.objc; path = Event.m; sourceTree = "<group>"; };
		0DA46A7A15E59A7E008F67B1 /* Newpoll-hl.png */ = {isa = PBXFileReference; lastKnownFileType = image.png; path = "Newpoll-hl.png"; sourceTree = "<group>"; };
		0DA46A7B15E59A7E008F67B1 /* Newpoll-hl@2x.png */ = {isa = PBXFileReference; lastKnownFileType = image.png; path = "Newpoll-hl@2x.png"; sourceTree = "<group>"; };
		0DA46A7C15E59A7E008F67B1 /* Newpoll.png */ = {isa = PBXFileReference; lastKnownFileType = image.png; path = Newpoll.png; sourceTree = "<group>"; };
		0DA46A7D15E59A7E008F67B1 /* Newpoll@2x.png */ = {isa = PBXFileReference; lastKnownFileType = image.png; path = "Newpoll@2x.png"; sourceTree = "<group>"; };
		0DA46A7E15E59A7E008F67B1 /* Settings-hl.png */ = {isa = PBXFileReference; lastKnownFileType = image.png; path = "Settings-hl.png"; sourceTree = "<group>"; };
		0DA46A7F15E59A7E008F67B1 /* Settings-hl@2x.png */ = {isa = PBXFileReference; lastKnownFileType = image.png; path = "Settings-hl@2x.png"; sourceTree = "<group>"; };
		0DA46A8015E59A7E008F67B1 /* Settings.png */ = {isa = PBXFileReference; lastKnownFileType = image.png; path = Settings.png; sourceTree = "<group>"; };
		0DA46A8115E59A7E008F67B1 /* Settings@2x.png */ = {isa = PBXFileReference; lastKnownFileType = image.png; path = "Settings@2x.png"; sourceTree = "<group>"; };
		0DA46A8C15E59FB2008F67B1 /* Votes.png */ = {isa = PBXFileReference; lastKnownFileType = image.png; path = Votes.png; sourceTree = "<group>"; };
		0DA46A8D15E59FB2008F67B1 /* Votes@2x.png */ = {isa = PBXFileReference; lastKnownFileType = image.png; path = "Votes@2x.png"; sourceTree = "<group>"; };
		0DA46A9115E5A267008F67B1 /* CheckBox.png */ = {isa = PBXFileReference; lastKnownFileType = image.png; path = CheckBox.png; sourceTree = "<group>"; };
		0DA46A9215E5A267008F67B1 /* CheckBox@2x.png */ = {isa = PBXFileReference; lastKnownFileType = image.png; path = "CheckBox@2x.png"; sourceTree = "<group>"; };
		0DA46A9315E5A267008F67B1 /* CheckInBox.png */ = {isa = PBXFileReference; lastKnownFileType = image.png; path = CheckInBox.png; sourceTree = "<group>"; };
		0DA46A9415E5A267008F67B1 /* CheckInBox@2x.png */ = {isa = PBXFileReference; lastKnownFileType = image.png; path = "CheckInBox@2x.png"; sourceTree = "<group>"; };
		0DA46A9915E5A39C008F67B1 /* DeleteItem.png */ = {isa = PBXFileReference; lastKnownFileType = image.png; path = DeleteItem.png; sourceTree = "<group>"; };
		0DA46A9A15E5A39C008F67B1 /* DeleteItem@2x.png */ = {isa = PBXFileReference; lastKnownFileType = image.png; path = "DeleteItem@2x.png"; sourceTree = "<group>"; };
		0DA46A9D15E5A5CD008F67B1 /* DeleteItem-hl.png */ = {isa = PBXFileReference; lastKnownFileType = image.png; path = "DeleteItem-hl.png"; sourceTree = "<group>"; };
		0DA46A9E15E5A5CD008F67B1 /* DeleteItem-hl@2x.png */ = {isa = PBXFileReference; lastKnownFileType = image.png; path = "DeleteItem-hl@2x.png"; sourceTree = "<group>"; };
		0DA46AA115E5B115008F67B1 /* Back-hl.png */ = {isa = PBXFileReference; lastKnownFileType = image.png; path = "Back-hl.png"; sourceTree = "<group>"; };
		0DA46AA215E5B115008F67B1 /* Back-hl@2x.png */ = {isa = PBXFileReference; lastKnownFileType = image.png; path = "Back-hl@2x.png"; sourceTree = "<group>"; };
		0DA46AA315E5B115008F67B1 /* Back.png */ = {isa = PBXFileReference; lastKnownFileType = image.png; path = Back.png; sourceTree = "<group>"; };
		0DA46AA415E5B115008F67B1 /* Back@2x.png */ = {isa = PBXFileReference; lastKnownFileType = image.png; path = "Back@2x.png"; sourceTree = "<group>"; };
		0DA46AA915E5BBD7008F67B1 /* AddItemHint.png */ = {isa = PBXFileReference; lastKnownFileType = image.png; path = AddItemHint.png; sourceTree = "<group>"; };
		0DA46AAA15E5BBD7008F67B1 /* AddItemHint@2x.png */ = {isa = PBXFileReference; lastKnownFileType = image.png; path = "AddItemHint@2x.png"; sourceTree = "<group>"; };
		0DA46AAE15E5BC86008F67B1 /* button-hl.png */ = {isa = PBXFileReference; lastKnownFileType = image.png; path = "button-hl.png"; sourceTree = "<group>"; };
		0DA46AAF15E5BC86008F67B1 /* button-hl@2x.png */ = {isa = PBXFileReference; lastKnownFileType = image.png; path = "button-hl@2x.png"; sourceTree = "<group>"; };
		0DA46AB015E5BC86008F67B1 /* button.png */ = {isa = PBXFileReference; lastKnownFileType = image.png; path = button.png; sourceTree = "<group>"; };
		0DA46AB115E5BC86008F67B1 /* button@2x.png */ = {isa = PBXFileReference; lastKnownFileType = image.png; path = "button@2x.png"; sourceTree = "<group>"; };
		0DA46AB615E5BF84008F67B1 /* Action-hl.png */ = {isa = PBXFileReference; lastKnownFileType = image.png; path = "Action-hl.png"; sourceTree = "<group>"; };
		0DA46AB715E5BF84008F67B1 /* Action-hl@2x.png */ = {isa = PBXFileReference; lastKnownFileType = image.png; path = "Action-hl@2x.png"; sourceTree = "<group>"; };
		0DA46AB815E5BF84008F67B1 /* Action.png */ = {isa = PBXFileReference; lastKnownFileType = image.png; path = Action.png; sourceTree = "<group>"; };
		0DA46AB915E5BF84008F67B1 /* Action@2x.png */ = {isa = PBXFileReference; lastKnownFileType = image.png; path = "Action@2x.png"; sourceTree = "<group>"; };
		0DA46ABE15E5D154008F67B1 /* LandingPage.png */ = {isa = PBXFileReference; lastKnownFileType = image.png; path = LandingPage.png; sourceTree = "<group>"; };
		0DA46ABF15E5D154008F67B1 /* LandingPage@2x.png */ = {isa = PBXFileReference; lastKnownFileType = image.png; path = "LandingPage@2x.png"; sourceTree = "<group>"; };
		0DA46AC215E61418008F67B1 /* Default.png */ = {isa = PBXFileReference; lastKnownFileType = image.png; path = Default.png; sourceTree = "<group>"; };
		0DA46AC315E61418008F67B1 /* Default@2x.png */ = {isa = PBXFileReference; lastKnownFileType = image.png; path = "Default@2x.png"; sourceTree = "<group>"; };
		0DA46AC615E61788008F67B1 /* header_bg-logo.png */ = {isa = PBXFileReference; lastKnownFileType = image.png; path = "header_bg-logo.png"; sourceTree = "<group>"; };
		0DA46AC715E61788008F67B1 /* header_bg-logo@2x.png */ = {isa = PBXFileReference; lastKnownFileType = image.png; path = "header_bg-logo@2x.png"; sourceTree = "<group>"; };
		0DA46ACA15E621E7008F67B1 /* Logo.png */ = {isa = PBXFileReference; lastKnownFileType = image.png; path = Logo.png; sourceTree = "<group>"; };
		0DA46ACB15E621E7008F67B1 /* Logo@2x.png */ = {isa = PBXFileReference; lastKnownFileType = image.png; path = "Logo@2x.png"; sourceTree = "<group>"; };
		0DA5C3C715CDA9B90020D7A8 /* PollRecord.h */ = {isa = PBXFileReference; fileEncoding = 4; lastKnownFileType = sourcecode.c.h; path = PollRecord.h; sourceTree = "<group>"; };
		0DA5C3C815CDA9B90020D7A8 /* PollRecord.m */ = {isa = PBXFileReference; fileEncoding = 4; lastKnownFileType = sourcecode.c.objc; path = PollRecord.m; sourceTree = "<group>"; };
		0DA9860B15DB14E10088493A /* Icon.png */ = {isa = PBXFileReference; lastKnownFileType = image.png; path = Icon.png; sourceTree = "<group>"; };
		0DA9860D15DB14FB0088493A /* Icon@2x.png */ = {isa = PBXFileReference; lastKnownFileType = image.png; path = "Icon@2x.png"; sourceTree = "<group>"; };
		0DB2A54E15E6F46500FA1470 /* FeedsCell.h */ = {isa = PBXFileReference; fileEncoding = 4; lastKnownFileType = sourcecode.c.h; path = FeedsCell.h; sourceTree = "<group>"; };
		0DB2A54F15E6F46500FA1470 /* FeedsCell.m */ = {isa = PBXFileReference; fileEncoding = 4; lastKnownFileType = sourcecode.c.objc; path = FeedsCell.m; sourceTree = "<group>"; };
		0DB2A55115E705CC00FA1470 /* VotedPollCell.h */ = {isa = PBXFileReference; fileEncoding = 4; lastKnownFileType = sourcecode.c.h; path = VotedPollCell.h; sourceTree = "<group>"; };
		0DB2A55215E705CC00FA1470 /* VotedPollCell.m */ = {isa = PBXFileReference; fileEncoding = 4; lastKnownFileType = sourcecode.c.objc; path = VotedPollCell.m; sourceTree = "<group>"; };
		0DB2A55415E7075800FA1470 /* EditingPollCell.h */ = {isa = PBXFileReference; fileEncoding = 4; lastKnownFileType = sourcecode.c.h; path = EditingPollCell.h; sourceTree = "<group>"; };
		0DB2A55515E7075800FA1470 /* EditingPollCell.m */ = {isa = PBXFileReference; fileEncoding = 4; lastKnownFileType = sourcecode.c.objc; path = EditingPollCell.m; sourceTree = "<group>"; };
		0DB2A55715E7097A00FA1470 /* OpenedPollCell.h */ = {isa = PBXFileReference; fileEncoding = 4; lastKnownFileType = sourcecode.c.h; path = OpenedPollCell.h; sourceTree = "<group>"; };
		0DB2A55815E7097A00FA1470 /* OpenedPollCell.m */ = {isa = PBXFileReference; fileEncoding = 4; lastKnownFileType = sourcecode.c.objc; path = OpenedPollCell.m; sourceTree = "<group>"; };
		0DB2A55A15E70FF000FA1470 /* EndedPollCell.h */ = {isa = PBXFileReference; fileEncoding = 4; lastKnownFileType = sourcecode.c.h; path = EndedPollCell.h; sourceTree = "<group>"; };
		0DB2A55B15E70FF000FA1470 /* EndedPollCell.m */ = {isa = PBXFileReference; fileEncoding = 4; lastKnownFileType = sourcecode.c.objc; path = EndedPollCell.m; sourceTree = "<group>"; };
		0DC94A2715CF404200383472 /* AWSiOSSDK.framework */ = {isa = PBXFileReference; lastKnownFileType = wrapper.framework; name = AWSiOSSDK.framework; path = "aws-ios-sdk-1.3.3/AWSiOSSDK.framework"; sourceTree = "<group>"; };
		0DC94A2D15CF474B00383472 /* AmazonClientManager.h */ = {isa = PBXFileReference; fileEncoding = 4; lastKnownFileType = sourcecode.c.h; path = AmazonClientManager.h; sourceTree = "<group>"; };
		0DC94A2E15CF474B00383472 /* AmazonClientManager.m */ = {isa = PBXFileReference; fileEncoding = 4; lastKnownFileType = sourcecode.c.objc; path = AmazonClientManager.m; sourceTree = "<group>"; };
		0DE651CF15B1E5C4002C8BA5 /* default_profile_photo.jpeg */ = {isa = PBXFileReference; lastKnownFileType = image.jpeg; name = default_profile_photo.jpeg; path = img/default_profile_photo.jpeg; sourceTree = "<group>"; };
		0DF8D7AC15DE2D4A0010E475 /* AddNewItemController.h */ = {isa = PBXFileReference; fileEncoding = 4; lastKnownFileType = sourcecode.c.h; path = AddNewItemController.h; sourceTree = "<group>"; };
		0DF8D7AD15DE2D4A0010E475 /* AddNewItemController.m */ = {isa = PBXFileReference; fileEncoding = 4; lastKnownFileType = sourcecode.c.objc; path = AddNewItemController.m; sourceTree = "<group>"; };
		4D29327515E2A86A006888B0 /* feeds-icon-hl.png */ = {isa = PBXFileReference; lastKnownFileType = image.png; path = "feeds-icon-hl.png"; sourceTree = "<group>"; };
		4D29327615E2A86A006888B0 /* profile-icon-hl.png */ = {isa = PBXFileReference; lastKnownFileType = image.png; path = "profile-icon-hl.png"; sourceTree = "<group>"; };
		4D29327915E2A9D3006888B0 /* feeds-icon-hl@2x.png */ = {isa = PBXFileReference; lastKnownFileType = image.png; path = "feeds-icon-hl@2x.png"; sourceTree = "<group>"; };
		4D29327A15E2A9D3006888B0 /* feeds-icon@2x.png */ = {isa = PBXFileReference; lastKnownFileType = image.png; path = "feeds-icon@2x.png"; sourceTree = "<group>"; };
		4D29327B15E2A9D3006888B0 /* profile-icon-hl@2x.png */ = {isa = PBXFileReference; lastKnownFileType = image.png; path = "profile-icon-hl@2x.png"; sourceTree = "<group>"; };
		4D29327C15E2A9D3006888B0 /* profile-icon@2x.png */ = {isa = PBXFileReference; lastKnownFileType = image.png; path = "profile-icon@2x.png"; sourceTree = "<group>"; };
		4D29328115E2B732006888B0 /* camera-icon.png */ = {isa = PBXFileReference; lastKnownFileType = image.png; path = "camera-icon.png"; sourceTree = "<group>"; };
		4D29328315E2B8E3006888B0 /* camera-icon-hl.png */ = {isa = PBXFileReference; lastKnownFileType = image.png; path = "camera-icon-hl.png"; sourceTree = "<group>"; };
		4D29328415E2B8E3006888B0 /* camera-icon-hl@2x.png */ = {isa = PBXFileReference; lastKnownFileType = image.png; path = "camera-icon-hl@2x.png"; sourceTree = "<group>"; };
		4D29328515E2B8E3006888B0 /* camera-icon@2x.png */ = {isa = PBXFileReference; lastKnownFileType = image.png; path = "camera-icon@2x.png"; sourceTree = "<group>"; };
		4D558ACF15E4431D00CDBD3D /* tab_bar_bg.png */ = {isa = PBXFileReference; lastKnownFileType = image.png; path = tab_bar_bg.png; sourceTree = "<group>"; };
		4D558AD015E4431D00CDBD3D /* tab_bar_bg@2x.png */ = {isa = PBXFileReference; lastKnownFileType = image.png; path = "tab_bar_bg@2x.png"; sourceTree = "<group>"; };
		4D558B0015E44BA300CDBD3D /* MultipartLabel.h */ = {isa = PBXFileReference; lastKnownFileType = sourcecode.c.h; path = MultipartLabel.h; sourceTree = "<group>"; };
		4D558B0115E44BA300CDBD3D /* MultipartLabel.m */ = {isa = PBXFileReference; lastKnownFileType = sourcecode.c.objc; path = MultipartLabel.m; sourceTree = "<group>"; };
		4D558B2015E459D900CDBD3D /* header_bg.png */ = {isa = PBXFileReference; lastKnownFileType = image.png; path = header_bg.png; sourceTree = "<group>"; };
		4D558B2115E459D900CDBD3D /* header_bg@2x.png */ = {isa = PBXFileReference; lastKnownFileType = image.png; path = "header_bg@2x.png"; sourceTree = "<group>"; };
		4D983E7B15E05FEA00B4FD90 /* profile-icon.png */ = {isa = PBXFileReference; lastKnownFileType = image.png; path = "profile-icon.png"; sourceTree = "<group>"; };
		4D983E8415E067E800B4FD90 /* feeds-icon.png */ = {isa = PBXFileReference; lastKnownFileType = image.png; path = "feeds-icon.png"; sourceTree = "<group>"; };
/* End PBXFileReference section */

/* Begin PBXFrameworksBuildPhase section */
		0D94F4E115A7D09700903F0B /* Frameworks */ = {
			isa = PBXFrameworksBuildPhase;
			buildActionMask = 2147483647;
			files = (
				0D471B9915C32D630070A32A /* AssetsLibrary.framework in Frameworks */,
				0D98F3EE15C0B3380046423C /* libxml2.dylib in Frameworks */,
				0D98F3EC15C0B3230046423C /* QuartzCore.framework in Frameworks */,
				0D98F3EA15C0B3170046423C /* SystemConfiguration.framework in Frameworks */,
				0D98F3E815C0B30E0046423C /* Security.framework in Frameworks */,
				0D98F3E615C0B2FA0046423C /* CoreData.framework in Frameworks */,
				0D98F3E415C0B2EE0046423C /* CFNetwork.framework in Frameworks */,
				0D98F3E215C0B2B20046423C /* libRestKit.a in Frameworks */,
				0D94F51B15A7EBAB00903F0B /* MobileCoreServices.framework in Frameworks */,
				0D94F4E915A7D09700903F0B /* UIKit.framework in Frameworks */,
				0D94F4EB15A7D09700903F0B /* Foundation.framework in Frameworks */,
				0D94F4ED15A7D09700903F0B /* CoreGraphics.framework in Frameworks */,
				0DC94A2815CF404200383472 /* AWSiOSSDK.framework in Frameworks */,
			);
			runOnlyForDeploymentPostprocessing = 0;
		};
/* End PBXFrameworksBuildPhase section */

/* Begin PBXGroup section */
		0D320AE415E4784300A4A505 /* Category Icons */ = {
			isa = PBXGroup;
			children = (
				0D0C43BC15E76A260031DECC /* Accessories.png */,
				0D0C43BD15E76A260031DECC /* Accessories@2x.png */,
				0D0C43BE15E76A260031DECC /* Apparel.png */,
				0D0C43BF15E76A260031DECC /* Apparel@2x.png */,
				0D0C43C015E76A260031DECC /* Automotive.png */,
				0D0C43C115E76A260031DECC /* Automotive@2x.png */,
				0D0C43C215E76A260031DECC /* Electronics.png */,
				0D0C43C315E76A260031DECC /* Electronics@2x.png */,
				0D0C43C415E76A260031DECC /* Food.png */,
				0D0C43C515E76A260031DECC /* Food@2x.png */,
				0D0C43C615E76A260031DECC /* Others.png */,
				0D0C43D215E76A660031DECC /* Others@2x.png */,
			);
			name = "Category Icons";
			sourceTree = "<group>";
		};
		0D3210AD15E4A8FF00A4A505 /* App Icon and Launch Image */ = {
			isa = PBXGroup;
			children = (
				0DA46AC215E61418008F67B1 /* Default.png */,
				0DA46AC315E61418008F67B1 /* Default@2x.png */,
				0DA9860B15DB14E10088493A /* Icon.png */,
				0DA9860D15DB14FB0088493A /* Icon@2x.png */,
			);
			name = "App Icon and Launch Image";
			sourceTree = "<group>";
		};
		0D3210AE15E4A9F700A4A505 /* Tab Bar */ = {
			isa = PBXGroup;
			children = (
				4D558ACF15E4431D00CDBD3D /* tab_bar_bg.png */,
				4D558AD015E4431D00CDBD3D /* tab_bar_bg@2x.png */,
				4D29328115E2B732006888B0 /* camera-icon.png */,
				4D29328515E2B8E3006888B0 /* camera-icon@2x.png */,
				4D29328315E2B8E3006888B0 /* camera-icon-hl.png */,
				4D29328415E2B8E3006888B0 /* camera-icon-hl@2x.png */,
				4D983E7B15E05FEA00B4FD90 /* profile-icon.png */,
				4D29327C15E2A9D3006888B0 /* profile-icon@2x.png */,
				4D29327615E2A86A006888B0 /* profile-icon-hl.png */,
				4D29327B15E2A9D3006888B0 /* profile-icon-hl@2x.png */,
				4D983E8415E067E800B4FD90 /* feeds-icon.png */,
				4D29327A15E2A9D3006888B0 /* feeds-icon@2x.png */,
				4D29327515E2A86A006888B0 /* feeds-icon-hl.png */,
				4D29327915E2A9D3006888B0 /* feeds-icon-hl@2x.png */,
			);
			name = "Tab Bar";
			sourceTree = "<group>";
		};
		0D3210AF15E4AA2900A4A505 /* Navigation Bar */ = {
			isa = PBXGroup;
			children = (
				0DA46AB615E5BF84008F67B1 /* Action-hl.png */,
				0DA46AB715E5BF84008F67B1 /* Action-hl@2x.png */,
				0DA46AB815E5BF84008F67B1 /* Action.png */,
				0DA46AB915E5BF84008F67B1 /* Action@2x.png */,
				0DA46AA115E5B115008F67B1 /* Back-hl.png */,
				0DA46AA215E5B115008F67B1 /* Back-hl@2x.png */,
				0DA46AA315E5B115008F67B1 /* Back.png */,
				0DA46AA415E5B115008F67B1 /* Back@2x.png */,
				0DA46A7A15E59A7E008F67B1 /* Newpoll-hl.png */,
				0DA46A7B15E59A7E008F67B1 /* Newpoll-hl@2x.png */,
				0DA46A7C15E59A7E008F67B1 /* Newpoll.png */,
				0DA46A7D15E59A7E008F67B1 /* Newpoll@2x.png */,
				0DA46A7E15E59A7E008F67B1 /* Settings-hl.png */,
				0DA46A7F15E59A7E008F67B1 /* Settings-hl@2x.png */,
				0DA46A8015E59A7E008F67B1 /* Settings.png */,
				0DA46A8115E59A7E008F67B1 /* Settings@2x.png */,
				4D558B2015E459D900CDBD3D /* header_bg.png */,
				4D558B2115E459D900CDBD3D /* header_bg@2x.png */,
				0DA46AC615E61788008F67B1 /* header_bg-logo.png */,
				0DA46AC715E61788008F67B1 /* header_bg-logo@2x.png */,
			);
			name = "Navigation Bar";
			sourceTree = "<group>";
		};
		0D3210B015E4AAB800A4A505 /* Other Images */ = {
			isa = PBXGroup;
			children = (
				0DA46ACA15E621E7008F67B1 /* Logo.png */,
				0DA46ACB15E621E7008F67B1 /* Logo@2x.png */,
				0D9A683F15DD8426004A93DA /* BG.png */,
				0DA46AAE15E5BC86008F67B1 /* button-hl.png */,
				0DA46AAF15E5BC86008F67B1 /* button-hl@2x.png */,
				0DA46AB015E5BC86008F67B1 /* button.png */,
				0DA46AB115E5BC86008F67B1 /* button@2x.png */,
				0DE651CF15B1E5C4002C8BA5 /* default_profile_photo.jpeg */,
				0D957D2115B0DC37009D37AA /* comments icon.png */,
				0D07B06915D1A87600C20943 /* user3.png */,
				0DA46ABE15E5D154008F67B1 /* LandingPage.png */,
				0DA46ABF15E5D154008F67B1 /* LandingPage@2x.png */,
			);
			name = "Other Images";
			sourceTree = "<group>";
		};
		0D553A9015C27D6300799F0A /* HJCacheClasses */ = {
			isa = PBXGroup;
			children = (
				0D553A7315C27D5900799F0A /* HJCircularBuffer.h */,
				0D553A7415C27D5900799F0A /* HJCircularBuffer.m */,
				0D553A7515C27D5900799F0A /* HJManagedImageV.h */,
				0D553A7615C27D5900799F0A /* HJManagedImageV.m */,
				0D553A7715C27D5900799F0A /* HJManagedImageVDelegate.h */,
				0D553A7815C27D5900799F0A /* HJMOBigFileCache.h */,
				0D553A7915C27D5900799F0A /* HJMOBigFileCache.m */,
				0D553A7A15C27D5900799F0A /* HJMOFileCache.h */,
				0D553A7B15C27D5900799F0A /* HJMOFileCache.m */,
				0D553A7C15C27D5900799F0A /* HJMOHandler.h */,
				0D553A7D15C27D5900799F0A /* HJMOHandler.m */,
				0D553A7E15C27D5900799F0A /* HJMOPolicy.h */,
				0D553A7F15C27D5900799F0A /* HJMOPolicy.m */,
				0D553A8015C27D5900799F0A /* HJMOUser.h */,
				0D553A8115C27D5900799F0A /* HJMOUserBase.h */,
				0D553A8215C27D5900799F0A /* HJMOUserBase.m */,
				0D553A8315C27D5900799F0A /* HJObjManager.h */,
				0D553A8415C27D5900799F0A /* HJObjManager.m */,
				0D553A8515C27D5900799F0A /* HJWeakMutableArray.h */,
				0D553A8615C27D5900799F0A /* HJWeakMutableArray.m */,
			);
			name = HJCacheClasses;
			sourceTree = "<group>";
		};
		0D8DD6AF15AE9F20009177D0 /* Utility */ = {
			isa = PBXGroup;
			children = (
				0D99436115AEB1590037194D /* Utility.h */,
				0D99436215AEB1590037194D /* Utility.m */,
				0D553A9015C27D6300799F0A /* HJCacheClasses */,
			);
			name = Utility;
			sourceTree = "<group>";
		};
		0D91EE5615AD0B7200D1015D /* View */ = {
			isa = PBXGroup;
			children = (
				0DB2A55415E7075800FA1470 /* EditingPollCell.h */,
				0DB2A55515E7075800FA1470 /* EditingPollCell.m */,
				0DB2A55715E7097A00FA1470 /* OpenedPollCell.h */,
				0DB2A55815E7097A00FA1470 /* OpenedPollCell.m */,
				0DB2A55A15E70FF000FA1470 /* EndedPollCell.h */,
				0DB2A55B15E70FF000FA1470 /* EndedPollCell.m */,
				0DB2A55115E705CC00FA1470 /* VotedPollCell.h */,
				0DB2A55215E705CC00FA1470 /* VotedPollCell.m */,
				0D8FA19515AF7606003011A0 /* PollItemCell.h */,
				0D8FA19615AF7606003011A0 /* PollItemCell.m */,
				0DB2A54E15E6F46500FA1470 /* FeedsCell.h */,
				0DB2A54F15E6F46500FA1470 /* FeedsCell.m */,
				0D8F49D415B6065A00C2DAEF /* PollResultCell.h */,
				0D8F49D515B6065A00C2DAEF /* PollResultCell.m */,
				0D03A99115D7353600A0A9BD /* HintView.h */,
				0D03A99215D7353600A0A9BD /* HintView.m */,
				0D03A99815D79A6100A0A9BD /* AppFormattedLabel.h */,
				0D03A99915D79A6100A0A9BD /* AppFormattedLabel.m */,
				0DA3EA8215DC1D8A00546961 /* SmallFormattedLabel.h */,
				0DA3EA8315DC1D8A00546961 /* SmallFormattedLabel.m */,
				0DA31AC415E30E0D00801403 /* AnimatedPickerView.h */,
				0DA31AC515E30E0D00801403 /* AnimatedPickerView.m */,
				4D558B0015E44BA300CDBD3D /* MultipartLabel.h */,
				4D558B0115E44BA300CDBD3D /* MultipartLabel.m */,
			);
			name = View;
			sourceTree = "<group>";
		};
		0D91EE5715AD0B8200D1015D /* Model */ = {
			isa = PBXGroup;
			children = (
				0D94F50715A7D2BB00903F0B /* User.h */,
				0D94F50A15A7D2BB00903F0B /* User.m */,
				0D94F50815A7D2BB00903F0B /* Item.h */,
				0D94F50915A7D2BB00903F0B /* Item.m */,
				0D96665C15AB9DEA00753491 /* comment.h */,
				0D96665D15AB9DEA00753491 /* comment.m */,
				0D94F50B15A7D2BB00903F0B /* Poll.h */,
				0D94F50C15A7D2BB00903F0B /* Poll.m */,
				0DA4104F15CA43C000859E59 /* Event.h */,
				0DA4105015CA43C000859E59 /* Event.m */,
				0D9B1C5F15CB0E77003A34DD /* Audience.h */,
				0D9B1C6015CB0E77003A34DD /* Audience.m */,
				0DA5C3C715CDA9B90020D7A8 /* PollRecord.h */,
				0DA5C3C815CDA9B90020D7A8 /* PollRecord.m */,
			);
			name = Model;
			sourceTree = "<group>";
		};
		0D91EE5815AD0BB900D1015D /* Controller */ = {
			isa = PBXGroup;
			children = (
				0D91EE5915AD4BD300D1015D /* RegistrationPageViewController.h */,
				0D91EE5A15AD4BD300D1015D /* RegistrationPageViewController.m */,
				0D94F51C15A7FCEA00903F0B /* NewsFeedTableViewController.h */,
				0D94F51D15A7FCEB00903F0B /* NewsFeedTableViewController.m */,
				0D957D2315B0E09B009D37AA /* ManagePollsTableViewController.h */,
				0D957D2415B0E09B009D37AA /* ManagePollsTableViewController.m */,
				0D94F51415A7D30700903F0B /* NewPollViewController.h */,
				0D94F51515A7D30800903F0B /* NewPollViewController.m */,
				0D8FA19715AF7606003011A0 /* PollTableViewController.h */,
				0D8FA19815AF7606003011A0 /* PollTableViewController.m */,
				0D9EFC3415B3E502002180F1 /* SingleItemViewController.h */,
				0D9EFC3515B3E502002180F1 /* SingleItemViewController.m */,
				0D8F49D115B605CF00C2DAEF /* PollResultViewController.h */,
				0D8F49D215B605CF00C2DAEF /* PollResultViewController.m */,
				0D9DDAEC15D3100A008D27AB /* SettingsTableViewController.h */,
				0D9DDAED15D3100A008D27AB /* SettingsTableViewController.m */,
				0DF8D7AC15DE2D4A0010E475 /* AddNewItemController.h */,
				0DF8D7AD15DE2D4A0010E475 /* AddNewItemController.m */,
				0D9C0CA215DEC1A8005FA5C5 /* CenterButtonTabController.h */,
				0D9C0CA315DEC1A8005FA5C5 /* CenterButtonTabController.m */,
			);
			name = Controller;
			sourceTree = "<group>";
		};
		0D94F4D915A7D09700903F0B = {
			isa = PBXGroup;
			children = (
				0D94F4EE15A7D09700903F0B /* StylepicsApp */,
				0D94F4E715A7D09700903F0B /* Frameworks */,
				0D94F4E515A7D09700903F0B /* Products */,
			);
			sourceTree = "<group>";
		};
		0D94F4E515A7D09700903F0B /* Products */ = {
			isa = PBXGroup;
			children = (
				0D94F4E415A7D09700903F0B /* ShopVote.app */,
			);
			name = Products;
			sourceTree = "<group>";
		};
		0D94F4E715A7D09700903F0B /* Frameworks */ = {
			isa = PBXGroup;
			children = (
				0DC94A2715CF404200383472 /* AWSiOSSDK.framework */,
				0D98F3ED15C0B3380046423C /* libxml2.dylib */,
				0D98F3CB15C0B2060046423C /* RestKit.xcodeproj */,
				0D98F3EB15C0B3230046423C /* QuartzCore.framework */,
				0D98F3E915C0B3170046423C /* SystemConfiguration.framework */,
				0D98F3E715C0B30E0046423C /* Security.framework */,
				0D98F3E515C0B2FA0046423C /* CoreData.framework */,
				0D98F3E315C0B2EE0046423C /* CFNetwork.framework */,
				0D471B9815C32D630070A32A /* AssetsLibrary.framework */,
				0D94F51A15A7EBAB00903F0B /* MobileCoreServices.framework */,
				0D94F4E815A7D09700903F0B /* UIKit.framework */,
				0D94F4EA15A7D09700903F0B /* Foundation.framework */,
				0D94F4EC15A7D09700903F0B /* CoreGraphics.framework */,
			);
			name = Frameworks;
			sourceTree = "<group>";
		};
		0D94F4EE15A7D09700903F0B /* StylepicsApp */ = {
			isa = PBXGroup;
			children = (
				0DA3D96A15C8A771008B9E32 /* AppDataModel.xcdatamodeld */,
				0D94F4F715A7D09700903F0B /* StylepicsAppDelegate.h */,
				0D94F4F815A7D09700903F0B /* StylepicsAppDelegate.m */,
				0D8DD6AF15AE9F20009177D0 /* Utility */,
				0D94F4FA15A7D09700903F0B /* MainStoryboard.storyboard */,
				0D91EE5615AD0B7200D1015D /* View */,
				0D91EE5815AD0BB900D1015D /* Controller */,
				0D91EE5715AD0B8200D1015D /* Model */,
				0D9BA1CB15C6048200599AA2 /* Other */,
				0D9C0CAD15DECBE8005FA5C5 /* Resources */,
				0D94F4EF15A7D09700903F0B /* Supporting Files */,
			);
			path = StylepicsApp;
			sourceTree = "<group>";
		};
		0D94F4EF15A7D09700903F0B /* Supporting Files */ = {
			isa = PBXGroup;
			children = (
				0D99436415AEB9340037194D /* stylepics.db */,
				0D94F4F015A7D09700903F0B /* StylepicsApp-Info.plist */,
				0D94F4F115A7D09700903F0B /* InfoPlist.strings */,
				0D94F4F415A7D09700903F0B /* main.m */,
				0D94F4F615A7D09700903F0B /* StylepicsApp-Prefix.pch */,
			);
			name = "Supporting Files";
			sourceTree = "<group>";
		};
		0D98F3CC15C0B2060046423C /* Products */ = {
			isa = PBXGroup;
			children = (
				0D98F3D715C0B2070046423C /* libRestKit.a */,
				0D98F3D915C0B2070046423C /* RestKitTests.octest */,
				0D98F3DB15C0B2070046423C /* RestKit.framework */,
				0D98F3DD15C0B2070046423C /* RestKitFrameworkTests.octest */,
				0D98F3DF15C0B2070046423C /* RestKitResources.bundle */,
			);
			name = Products;
			sourceTree = "<group>";
		};
		0D9BA1CB15C6048200599AA2 /* Other */ = {
			isa = PBXGroup;
			children = (
				0D9BA1C815C603EC00599AA2 /* Environment.h */,
				0D9BA1C915C603EC00599AA2 /* Environment.m */,
				0DC94A2D15CF474B00383472 /* AmazonClientManager.h */,
				0DC94A2E15CF474B00383472 /* AmazonClientManager.m */,
			);
			name = Other;
			sourceTree = "<group>";
		};
		0D9C0CAD15DECBE8005FA5C5 /* Resources */ = {
			isa = PBXGroup;
			children = (
				0DA46AAD15E5BBE4008F67B1 /* Single Item View */,
				0DA46A9015E5A256008F67B1 /* Poll Table */,
				0DA46A8B15E59F8D008F67B1 /* Profile Page */,
				0D320AE415E4784300A4A505 /* Category Icons */,
				0D3210AF15E4AA2900A4A505 /* Navigation Bar */,
				0D3210AE15E4A9F700A4A505 /* Tab Bar */,
				0D3210AD15E4A8FF00A4A505 /* App Icon and Launch Image */,
				0D3210B015E4AAB800A4A505 /* Other Images */,
			);
			name = Resources;
			sourceTree = "<group>";
		};
		0DA46A8B15E59F8D008F67B1 /* Profile Page */ = {
			isa = PBXGroup;
			children = (
				0D0C43B215E7627F0031DECC /* Profile-Button-hl.png */,
				0D0C43B315E7627F0031DECC /* Profile-Button-hl@2x.png */,
				0D0C43B415E7627F0031DECC /* Profile-Button.png */,
				0D0C43B515E7627F0031DECC /* Profile-Button@2x.png */,
				0D0C43B615E7627F0031DECC /* Profile.png */,
				0DA46A8C15E59FB2008F67B1 /* Votes.png */,
				0DA46A8D15E59FB2008F67B1 /* Votes@2x.png */,
			);
			name = "Profile Page";
			sourceTree = "<group>";
		};
		0DA46A9015E5A256008F67B1 /* Poll Table */ = {
			isa = PBXGroup;
			children = (
				0DA46A9D15E5A5CD008F67B1 /* DeleteItem-hl.png */,
				0DA46A9E15E5A5CD008F67B1 /* DeleteItem-hl@2x.png */,
				0DA46A9915E5A39C008F67B1 /* DeleteItem.png */,
				0DA46A9A15E5A39C008F67B1 /* DeleteItem@2x.png */,
				0DA46A9115E5A267008F67B1 /* CheckBox.png */,
				0DA46A9215E5A267008F67B1 /* CheckBox@2x.png */,
				0DA46A9315E5A267008F67B1 /* CheckInBox.png */,
				0DA46A9415E5A267008F67B1 /* CheckInBox@2x.png */,
			);
			name = "Poll Table";
			sourceTree = "<group>";
		};
		0DA46AAD15E5BBE4008F67B1 /* Single Item View */ = {
			isa = PBXGroup;
			children = (
				0DA46AA915E5BBD7008F67B1 /* AddItemHint.png */,
				0DA46AAA15E5BBD7008F67B1 /* AddItemHint@2x.png */,
			);
			name = "Single Item View";
			sourceTree = "<group>";
		};
/* End PBXGroup section */

/* Begin PBXNativeTarget section */
		0D94F4E315A7D09700903F0B /* Stylepics */ = {
			isa = PBXNativeTarget;
			buildConfigurationList = 0D94F50215A7D09700903F0B /* Build configuration list for PBXNativeTarget "Stylepics" */;
			buildPhases = (
				0D94F4E015A7D09700903F0B /* Sources */,
				0D94F4E115A7D09700903F0B /* Frameworks */,
				0D94F4E215A7D09700903F0B /* Resources */,
			);
			buildRules = (
			);
			dependencies = (
				0D98F3E115C0B2270046423C /* PBXTargetDependency */,
			);
			name = Stylepics;
			productName = StylepicsApp;
			productReference = 0D94F4E415A7D09700903F0B /* ShopVote.app */;
			productType = "com.apple.product-type.application";
		};
/* End PBXNativeTarget section */

/* Begin PBXProject section */
		0D94F4DB15A7D09700903F0B /* Project object */ = {
			isa = PBXProject;
			attributes = {
				CLASSPREFIX = Stylepics;
				LastUpgradeCheck = 0430;
				ORGANIZATIONNAME = "Stanford University";
			};
			buildConfigurationList = 0D94F4DE15A7D09700903F0B /* Build configuration list for PBXProject "StylepicsApp" */;
			compatibilityVersion = "Xcode 3.2";
			developmentRegion = English;
			hasScannedForEncodings = 0;
			knownRegions = (
				en,
			);
			mainGroup = 0D94F4D915A7D09700903F0B;
			productRefGroup = 0D94F4E515A7D09700903F0B /* Products */;
			projectDirPath = "";
			projectReferences = (
				{
					ProductGroup = 0D98F3CC15C0B2060046423C /* Products */;
					ProjectRef = 0D98F3CB15C0B2060046423C /* RestKit.xcodeproj */;
				},
			);
			projectRoot = "";
			targets = (
				0D94F4E315A7D09700903F0B /* Stylepics */,
			);
		};
/* End PBXProject section */

/* Begin PBXReferenceProxy section */
		0D98F3D715C0B2070046423C /* libRestKit.a */ = {
			isa = PBXReferenceProxy;
			fileType = archive.ar;
			path = libRestKit.a;
			remoteRef = 0D98F3D615C0B2070046423C /* PBXContainerItemProxy */;
			sourceTree = BUILT_PRODUCTS_DIR;
		};
		0D98F3D915C0B2070046423C /* RestKitTests.octest */ = {
			isa = PBXReferenceProxy;
			fileType = wrapper.cfbundle;
			path = RestKitTests.octest;
			remoteRef = 0D98F3D815C0B2070046423C /* PBXContainerItemProxy */;
			sourceTree = BUILT_PRODUCTS_DIR;
		};
		0D98F3DB15C0B2070046423C /* RestKit.framework */ = {
			isa = PBXReferenceProxy;
			fileType = wrapper.framework;
			path = RestKit.framework;
			remoteRef = 0D98F3DA15C0B2070046423C /* PBXContainerItemProxy */;
			sourceTree = BUILT_PRODUCTS_DIR;
		};
		0D98F3DD15C0B2070046423C /* RestKitFrameworkTests.octest */ = {
			isa = PBXReferenceProxy;
			fileType = wrapper.cfbundle;
			path = RestKitFrameworkTests.octest;
			remoteRef = 0D98F3DC15C0B2070046423C /* PBXContainerItemProxy */;
			sourceTree = BUILT_PRODUCTS_DIR;
		};
		0D98F3DF15C0B2070046423C /* RestKitResources.bundle */ = {
			isa = PBXReferenceProxy;
			fileType = wrapper.cfbundle;
			path = RestKitResources.bundle;
			remoteRef = 0D98F3DE15C0B2070046423C /* PBXContainerItemProxy */;
			sourceTree = BUILT_PRODUCTS_DIR;
		};
/* End PBXReferenceProxy section */

/* Begin PBXResourcesBuildPhase section */
		0D94F4E215A7D09700903F0B /* Resources */ = {
			isa = PBXResourcesBuildPhase;
			buildActionMask = 2147483647;
			files = (
				0D94F4F315A7D09700903F0B /* InfoPlist.strings in Resources */,
				0D94F4FC15A7D09700903F0B /* MainStoryboard.storyboard in Resources */,
				0D99436515AEB9340037194D /* stylepics.db in Resources */,
				0D957D2215B0DC37009D37AA /* comments icon.png in Resources */,
				0DE651D015B1E5C4002C8BA5 /* default_profile_photo.jpeg in Resources */,
				0D07B06A15D1A87600C20943 /* user3.png in Resources */,
				0DA9860C15DB14E10088493A /* Icon.png in Resources */,
				0DA9860E15DB14FB0088493A /* Icon@2x.png in Resources */,
				0D9A684215DD8427004A93DA /* BG.png in Resources */,
				4D983E7C15E05FEA00B4FD90 /* profile-icon.png in Resources */,
				4D983E8615E067E900B4FD90 /* feeds-icon.png in Resources */,
				4D29327715E2A86A006888B0 /* feeds-icon-hl.png in Resources */,
				4D29327815E2A86A006888B0 /* profile-icon-hl.png in Resources */,
				4D29327D15E2A9D3006888B0 /* feeds-icon-hl@2x.png in Resources */,
				4D29327E15E2A9D3006888B0 /* feeds-icon@2x.png in Resources */,
				4D29327F15E2A9D3006888B0 /* profile-icon-hl@2x.png in Resources */,
				4D29328015E2A9D3006888B0 /* profile-icon@2x.png in Resources */,
				4D29328215E2B732006888B0 /* camera-icon.png in Resources */,
				4D29328615E2B8E3006888B0 /* camera-icon-hl.png in Resources */,
				4D29328715E2B8E3006888B0 /* camera-icon-hl@2x.png in Resources */,
				4D29328815E2B8E3006888B0 /* camera-icon@2x.png in Resources */,
				4D558AD315E4431D00CDBD3D /* tab_bar_bg.png in Resources */,
				4D558AD415E4431D00CDBD3D /* tab_bar_bg@2x.png in Resources */,
				4D558B2215E459D900CDBD3D /* header_bg.png in Resources */,
				4D558B2315E459D900CDBD3D /* header_bg@2x.png in Resources */,
				0DA46A8215E59A7E008F67B1 /* Newpoll-hl.png in Resources */,
				0DA46A8315E59A7E008F67B1 /* Newpoll-hl@2x.png in Resources */,
				0DA46A8415E59A7E008F67B1 /* Newpoll.png in Resources */,
				0DA46A8515E59A7E008F67B1 /* Newpoll@2x.png in Resources */,
				0DA46A8615E59A7E008F67B1 /* Settings-hl.png in Resources */,
				0DA46A8715E59A7E008F67B1 /* Settings-hl@2x.png in Resources */,
				0DA46A8815E59A7E008F67B1 /* Settings.png in Resources */,
				0DA46A8915E59A7E008F67B1 /* Settings@2x.png in Resources */,
				0DA46A8E15E59FB2008F67B1 /* Votes.png in Resources */,
				0DA46A8F15E59FB2008F67B1 /* Votes@2x.png in Resources */,
				0DA46A9515E5A267008F67B1 /* CheckBox.png in Resources */,
				0DA46A9615E5A267008F67B1 /* CheckBox@2x.png in Resources */,
				0DA46A9715E5A267008F67B1 /* CheckInBox.png in Resources */,
				0DA46A9815E5A267008F67B1 /* CheckInBox@2x.png in Resources */,
				0DA46A9B15E5A39C008F67B1 /* DeleteItem.png in Resources */,
				0DA46A9C15E5A39C008F67B1 /* DeleteItem@2x.png in Resources */,
				0DA46A9F15E5A5CD008F67B1 /* DeleteItem-hl.png in Resources */,
				0DA46AA015E5A5CD008F67B1 /* DeleteItem-hl@2x.png in Resources */,
				0DA46AA515E5B115008F67B1 /* Back-hl.png in Resources */,
				0DA46AA615E5B115008F67B1 /* Back-hl@2x.png in Resources */,
				0DA46AA715E5B115008F67B1 /* Back.png in Resources */,
				0DA46AA815E5B115008F67B1 /* Back@2x.png in Resources */,
				0DA46AAB15E5BBD7008F67B1 /* AddItemHint.png in Resources */,
				0DA46AAC15E5BBD7008F67B1 /* AddItemHint@2x.png in Resources */,
				0DA46AB215E5BC86008F67B1 /* button-hl.png in Resources */,
				0DA46AB315E5BC86008F67B1 /* button-hl@2x.png in Resources */,
				0DA46AB415E5BC86008F67B1 /* button.png in Resources */,
				0DA46AB515E5BC86008F67B1 /* button@2x.png in Resources */,
				0DA46ABA15E5BF84008F67B1 /* Action-hl.png in Resources */,
				0DA46ABB15E5BF84008F67B1 /* Action-hl@2x.png in Resources */,
				0DA46ABC15E5BF84008F67B1 /* Action.png in Resources */,
				0DA46ABD15E5BF84008F67B1 /* Action@2x.png in Resources */,
				0DA46AC015E5D154008F67B1 /* LandingPage.png in Resources */,
				0DA46AC115E5D154008F67B1 /* LandingPage@2x.png in Resources */,
				0DA46AC415E61418008F67B1 /* Default.png in Resources */,
				0DA46AC515E61418008F67B1 /* Default@2x.png in Resources */,
				0DA46AC815E61788008F67B1 /* header_bg-logo.png in Resources */,
				0DA46AC915E61788008F67B1 /* header_bg-logo@2x.png in Resources */,
				0DA46ACC15E621E7008F67B1 /* Logo.png in Resources */,
				0DA46ACD15E621E7008F67B1 /* Logo@2x.png in Resources */,
				0D0C43B715E7627F0031DECC /* Profile-Button-hl.png in Resources */,
				0D0C43B815E7627F0031DECC /* Profile-Button-hl@2x.png in Resources */,
				0D0C43B915E7627F0031DECC /* Profile-Button.png in Resources */,
				0D0C43BA15E7627F0031DECC /* Profile-Button@2x.png in Resources */,
				0D0C43BB15E7627F0031DECC /* Profile.png in Resources */,
				0D0C43C715E76A260031DECC /* Accessories.png in Resources */,
				0D0C43C815E76A260031DECC /* Accessories@2x.png in Resources */,
				0D0C43C915E76A260031DECC /* Apparel.png in Resources */,
				0D0C43CA15E76A260031DECC /* Apparel@2x.png in Resources */,
				0D0C43CB15E76A260031DECC /* Automotive.png in Resources */,
				0D0C43CC15E76A260031DECC /* Automotive@2x.png in Resources */,
				0D0C43CD15E76A260031DECC /* Electronics.png in Resources */,
				0D0C43CE15E76A260031DECC /* Electronics@2x.png in Resources */,
				0D0C43CF15E76A260031DECC /* Food.png in Resources */,
				0D0C43D015E76A260031DECC /* Food@2x.png in Resources */,
				0D0C43D115E76A260031DECC /* Others.png in Resources */,
				0D0C43D315E76A660031DECC /* Others@2x.png in Resources */,
			);
			runOnlyForDeploymentPostprocessing = 0;
		};
/* End PBXResourcesBuildPhase section */

/* Begin PBXSourcesBuildPhase section */
		0D94F4E015A7D09700903F0B /* Sources */ = {
			isa = PBXSourcesBuildPhase;
			buildActionMask = 2147483647;
			files = (
				0D94F4F515A7D09700903F0B /* main.m in Sources */,
				0D94F4F915A7D09700903F0B /* StylepicsAppDelegate.m in Sources */,
				0D94F50E15A7D2BB00903F0B /* Item.m in Sources */,
				0D94F50F15A7D2BB00903F0B /* User.m in Sources */,
				0D94F51015A7D2BB00903F0B /* Poll.m in Sources */,
				0D94F51615A7D30800903F0B /* NewPollViewController.m in Sources */,
				0D94F51E15A7FCEB00903F0B /* NewsFeedTableViewController.m in Sources */,
				0D96665E15AB9DEB00753491 /* comment.m in Sources */,
				0D91EE5B15AD4BD300D1015D /* RegistrationPageViewController.m in Sources */,
				0D99436315AEB1590037194D /* Utility.m in Sources */,
				0D8FA19915AF7606003011A0 /* PollItemCell.m in Sources */,
				0D8FA19A15AF7606003011A0 /* PollTableViewController.m in Sources */,
				0D957D2515B0E09C009D37AA /* ManagePollsTableViewController.m in Sources */,
				0D9EFC3615B3E502002180F1 /* SingleItemViewController.m in Sources */,
				0D8F49D315B605CF00C2DAEF /* PollResultViewController.m in Sources */,
				0D8F49D615B6065A00C2DAEF /* PollResultCell.m in Sources */,
				0D553A8715C27D5A00799F0A /* HJCircularBuffer.m in Sources */,
				0D553A8815C27D5A00799F0A /* HJManagedImageV.m in Sources */,
				0D553A8915C27D5A00799F0A /* HJMOBigFileCache.m in Sources */,
				0D553A8A15C27D5A00799F0A /* HJMOFileCache.m in Sources */,
				0D553A8B15C27D5A00799F0A /* HJMOHandler.m in Sources */,
				0D553A8C15C27D5A00799F0A /* HJMOPolicy.m in Sources */,
				0D553A8D15C27D5A00799F0A /* HJMOUserBase.m in Sources */,
				0D553A8E15C27D5A00799F0A /* HJObjManager.m in Sources */,
				0D553A8F15C27D5A00799F0A /* HJWeakMutableArray.m in Sources */,
				0D9BA1CA15C603EC00599AA2 /* Environment.m in Sources */,
				0DA3D96C15C8A771008B9E32 /* AppDataModel.xcdatamodeld in Sources */,
				0DA4105115CA43C000859E59 /* Event.m in Sources */,
				0D9B1C6115CB0E77003A34DD /* Audience.m in Sources */,
				0DA5C3C915CDA9B90020D7A8 /* PollRecord.m in Sources */,
				0DC94A2F15CF474B00383472 /* AmazonClientManager.m in Sources */,
				0D9DDAEE15D3100A008D27AB /* SettingsTableViewController.m in Sources */,
				0D03A99315D7353600A0A9BD /* HintView.m in Sources */,
				0D03A99A15D79A6100A0A9BD /* AppFormattedLabel.m in Sources */,
				0DA3EA8415DC1D8A00546961 /* SmallFormattedLabel.m in Sources */,
				0DF8D7AE15DE2D4A0010E475 /* AddNewItemController.m in Sources */,
				0D9C0CA415DEC1A8005FA5C5 /* CenterButtonTabController.m in Sources */,
				0DA31AC615E30E0E00801403 /* AnimatedPickerView.m in Sources */,
				4D558B0215E44D6E00CDBD3D /* MultipartLabel.m in Sources */,
				0DB2A55015E6F46500FA1470 /* FeedsCell.m in Sources */,
				0DB2A55315E705CD00FA1470 /* VotedPollCell.m in Sources */,
				0DB2A55615E7075900FA1470 /* EditingPollCell.m in Sources */,
				0DB2A55915E7097B00FA1470 /* OpenedPollCell.m in Sources */,
				0DB2A55C15E70FF100FA1470 /* EndedPollCell.m in Sources */,
			);
			runOnlyForDeploymentPostprocessing = 0;
		};
/* End PBXSourcesBuildPhase section */

/* Begin PBXTargetDependency section */
		0D98F3E115C0B2270046423C /* PBXTargetDependency */ = {
			isa = PBXTargetDependency;
			name = RestKit;
			targetProxy = 0D98F3E015C0B2270046423C /* PBXContainerItemProxy */;
		};
/* End PBXTargetDependency section */

/* Begin PBXVariantGroup section */
		0D94F4F115A7D09700903F0B /* InfoPlist.strings */ = {
			isa = PBXVariantGroup;
			children = (
				0D94F4F215A7D09700903F0B /* en */,
			);
			name = InfoPlist.strings;
			sourceTree = "<group>";
		};
		0D94F4FA15A7D09700903F0B /* MainStoryboard.storyboard */ = {
			isa = PBXVariantGroup;
			children = (
				0D94F4FB15A7D09700903F0B /* en */,
			);
			name = MainStoryboard.storyboard;
			sourceTree = "<group>";
		};
/* End PBXVariantGroup section */

/* Begin XCBuildConfiguration section */
		0D94F50015A7D09700903F0B /* Debug */ = {
			isa = XCBuildConfiguration;
			buildSettings = {
				ALWAYS_SEARCH_USER_PATHS = NO;
				ARCHS = "$(ARCHS_STANDARD_32_BIT)";
				CLANG_ENABLE_OBJC_ARC = YES;
				CODE_SIGN_IDENTITY = "iPhone Developer: Yong Lin (JN5AXQ269V)";
				"CODE_SIGN_IDENTITY[sdk=iphoneos*]" = "iPhone Developer: Yong Lin (JN5AXQ269V)";
				COPY_PHASE_STRIP = NO;
				GCC_C_LANGUAGE_STANDARD = gnu99;
				GCC_DYNAMIC_NO_PIC = NO;
				GCC_OPTIMIZATION_LEVEL = 0;
				GCC_PREPROCESSOR_DEFINITIONS = (
					"DEBUG=1",
					"$(inherited)",
				);
				GCC_SYMBOLS_PRIVATE_EXTERN = NO;
				GCC_VERSION = com.apple.compilers.llvm.clang.1_0;
				GCC_WARN_ABOUT_RETURN_TYPE = YES;
				GCC_WARN_UNINITIALIZED_AUTOS = YES;
				GCC_WARN_UNUSED_VARIABLE = YES;
				IPHONEOS_DEPLOYMENT_TARGET = 5.1;
				PROVISIONING_PROFILE = "7818FFCF-D823-4AC9-A235-638D38C2281C";
				SDKROOT = iphoneos;
			};
			name = Debug;
		};
		0D94F50115A7D09700903F0B /* Release */ = {
			isa = XCBuildConfiguration;
			buildSettings = {
				ALWAYS_SEARCH_USER_PATHS = NO;
				ARCHS = "$(ARCHS_STANDARD_32_BIT)";
				CLANG_ENABLE_OBJC_ARC = YES;
				CODE_SIGN_IDENTITY = "iPhone Developer: Yong Lin (JN5AXQ269V)";
				"CODE_SIGN_IDENTITY[sdk=iphoneos*]" = "iPhone Developer: Yong Lin (JN5AXQ269V)";
				COPY_PHASE_STRIP = YES;
				GCC_C_LANGUAGE_STANDARD = gnu99;
				GCC_VERSION = com.apple.compilers.llvm.clang.1_0;
				GCC_WARN_ABOUT_RETURN_TYPE = YES;
				GCC_WARN_UNINITIALIZED_AUTOS = YES;
				GCC_WARN_UNUSED_VARIABLE = YES;
				IPHONEOS_DEPLOYMENT_TARGET = 5.1;
				OTHER_CFLAGS = "-DNS_BLOCK_ASSERTIONS=1";
				PROVISIONING_PROFILE = "7818FFCF-D823-4AC9-A235-638D38C2281C";
				SDKROOT = iphoneos;
				VALIDATE_PRODUCT = YES;
			};
			name = Release;
		};
		0D94F50315A7D09700903F0B /* Debug */ = {
			isa = XCBuildConfiguration;
			buildSettings = {
				CODE_SIGN_IDENTITY = "iPhone Developer: Yong Lin (JN5AXQ269V)";
				FRAMEWORK_SEARCH_PATHS = (
					"$(inherited)",
					"\"$(SRCROOT)/../../../Developer/aws-ios-sdk-1.3.3\"",
					"\"$(SRCROOT)/aws-ios-sdk-1.3.3\"",
					"\"$(SRCROOT)/../../../Documents/FacebookSDK\"",
					"\"$(SRCROOT)\"",
				);
				GCC_PRECOMPILE_PREFIX_HEADER = YES;
				GCC_PREFIX_HEADER = "StylepicsApp/StylepicsApp-Prefix.pch";
				HEADER_SEARCH_PATHS = "\"$(BUILT_PRODUCTS_DIR)/../../Headers\"";
				INFOPLIST_FILE = "StylepicsApp/StylepicsApp-Info.plist";
				OTHER_LDFLAGS = (
					"-ObjC",
					"-all_load",
					"-lsqlite3.0",
				);
				PRODUCT_NAME = ShopVote;
				PROVISIONING_PROFILE = "7818FFCF-D823-4AC9-A235-638D38C2281C";
				WRAPPER_EXTENSION = app;
			};
			name = Debug;
		};
		0D94F50415A7D09700903F0B /* Release */ = {
			isa = XCBuildConfiguration;
			buildSettings = {
				CODE_SIGN_IDENTITY = "iPhone Developer: Yong Lin (JN5AXQ269V)";
				FRAMEWORK_SEARCH_PATHS = (
					"$(inherited)",
					"\"$(SRCROOT)/../../../Developer/aws-ios-sdk-1.3.3\"",
					"\"$(SRCROOT)/aws-ios-sdk-1.3.3\"",
					"\"$(SRCROOT)/../../../Documents/FacebookSDK\"",
					"\"$(SRCROOT)\"",
				);
				GCC_PRECOMPILE_PREFIX_HEADER = YES;
				GCC_PREFIX_HEADER = "StylepicsApp/StylepicsApp-Prefix.pch";
				HEADER_SEARCH_PATHS = "\"$(BUILT_PRODUCTS_DIR)/../../Headers\"";
				INFOPLIST_FILE = "StylepicsApp/StylepicsApp-Info.plist";
				OTHER_LDFLAGS = (
					"-ObjC",
					"-all_load",
					"-lsqlite3.0",
				);
				PRODUCT_NAME = ShopVote;
				PROVISIONING_PROFILE = "7818FFCF-D823-4AC9-A235-638D38C2281C";
				WRAPPER_EXTENSION = app;
			};
			name = Release;
		};
/* End XCBuildConfiguration section */

/* Begin XCConfigurationList section */
		0D94F4DE15A7D09700903F0B /* Build configuration list for PBXProject "StylepicsApp" */ = {
			isa = XCConfigurationList;
			buildConfigurations = (
				0D94F50015A7D09700903F0B /* Debug */,
				0D94F50115A7D09700903F0B /* Release */,
			);
			defaultConfigurationIsVisible = 0;
			defaultConfigurationName = Release;
		};
		0D94F50215A7D09700903F0B /* Build configuration list for PBXNativeTarget "Stylepics" */ = {
			isa = XCConfigurationList;
			buildConfigurations = (
				0D94F50315A7D09700903F0B /* Debug */,
				0D94F50415A7D09700903F0B /* Release */,
			);
			defaultConfigurationIsVisible = 0;
			defaultConfigurationName = Release;
		};
/* End XCConfigurationList section */

/* Begin XCVersionGroup section */
		0DA3D96A15C8A771008B9E32 /* AppDataModel.xcdatamodeld */ = {
			isa = XCVersionGroup;
			children = (
				0DA3D96B15C8A771008B9E32 /* AppDataModel.xcdatamodel */,
			);
			currentVersion = 0DA3D96B15C8A771008B9E32 /* AppDataModel.xcdatamodel */;
			path = AppDataModel.xcdatamodeld;
			sourceTree = "<group>";
			versionGroupType = wrapper.xcdatamodel;
		};
/* End XCVersionGroup section */
	};
	rootObject = 0D94F4DB15A7D09700903F0B /* Project object */;
}
